
Microsoft Visual Studio Solution File, Format Version 12.00
# Visual Studio Version 16
VisualStudioVersion = 16.0.28606.126
MinimumVisualStudioVersion = 10.0.40219.1
Project("{9A19103F-16F7-4668-BE54-9A1E7A4F7556}") = "NotatnikMechanika.Core", "NotatnikMechanika.Core\NotatnikMechanika.Core.csproj", "{30A55818-FF4D-4B72-BB64-4B91B0C9A491}"
EndProject
Project("{9A19103F-16F7-4668-BE54-9A1E7A4F7556}") = "NotatnikMechanika.WPF", "NotatnikMechanika.WPF\NotatnikMechanika.WPF.csproj", "{00C5ACF2-569F-4BFF-8F24-8FB9722BFEC6}"
EndProject
Project("{FAE04EC0-301F-11D3-BF4B-00C04F79EFBC}") = "NotatnikMechanika.UWP", "NotatnikMechanika.UWP\NotatnikMechanika.UWP.csproj", "{0DC456DD-3E58-4046-88B5-075902876824}"
EndProject
Project("{FAE04EC0-301F-11D3-BF4B-00C04F79EFBC}") = "NotatnikMechanika.Forms.Android", "NotatnikMechanika.Forms\NotatnikMechanika.Forms.Android\NotatnikMechanika.Forms.Android.csproj", "{8B1912D8-A126-4B13-8D1C-B3CACE821387}"
EndProject
Project("{9A19103F-16F7-4668-BE54-9A1E7A4F7556}") = "NotatnikMechanika.Forms", "NotatnikMechanika.Forms\NotatnikMechanika.Forms\NotatnikMechanika.Forms.csproj", "{B424526C-8AF3-4DDA-9B24-9CB2DCE73CE1}"
EndProject
Project("{9A19103F-16F7-4668-BE54-9A1E7A4F7556}") = "NotatnikMechanika.WinForms", "NotatnikMechanika.WinForms\NotatnikMechanika.WinForms.csproj", "{83C39425-C5B8-4BC9-8729-360C4E5E94BB}"
EndProject
Project("{2150E333-8FDC-42A3-9474-1A3956D46DE8}") = "Old Code", "Old Code", "{FA7C4C3F-D7AA-435B-A8FC-F99497AE5D91}"
EndProject
Project("{FAE04EC0-301F-11D3-BF4B-00C04F79EFBC}") = "NotatnikMechanika.ASP", "NotatnikMechanika.ASP\NotatnikMechanika.ASP.csproj", "{26579B94-4127-4724-A5D8-84723809F62E}"
EndProject
Global
	GlobalSection(SolutionConfigurationPlatforms) = preSolution
		Debug|Any CPU = Debug|Any CPU
		Debug|ARM = Debug|ARM
		Debug|ARM64 = Debug|ARM64
		Debug|x64 = Debug|x64
		Debug|x86 = Debug|x86
		Release|Any CPU = Release|Any CPU
		Release|ARM = Release|ARM
		Release|ARM64 = Release|ARM64
		Release|x64 = Release|x64
		Release|x86 = Release|x86
	EndGlobalSection
	GlobalSection(ProjectConfigurationPlatforms) = postSolution
		{30A55818-FF4D-4B72-BB64-4B91B0C9A491}.Debug|Any CPU.ActiveCfg = Debug|Any CPU
		{30A55818-FF4D-4B72-BB64-4B91B0C9A491}.Debug|Any CPU.Build.0 = Debug|Any CPU
		{30A55818-FF4D-4B72-BB64-4B91B0C9A491}.Debug|ARM.ActiveCfg = Debug|Any CPU
		{30A55818-FF4D-4B72-BB64-4B91B0C9A491}.Debug|ARM.Build.0 = Debug|Any CPU
		{30A55818-FF4D-4B72-BB64-4B91B0C9A491}.Debug|ARM64.ActiveCfg = Debug|Any CPU
		{30A55818-FF4D-4B72-BB64-4B91B0C9A491}.Debug|ARM64.Build.0 = Debug|Any CPU
		{30A55818-FF4D-4B72-BB64-4B91B0C9A491}.Debug|x64.ActiveCfg = Debug|Any CPU
		{30A55818-FF4D-4B72-BB64-4B91B0C9A491}.Debug|x64.Build.0 = Debug|Any CPU
		{30A55818-FF4D-4B72-BB64-4B91B0C9A491}.Debug|x86.ActiveCfg = Debug|Any CPU
		{30A55818-FF4D-4B72-BB64-4B91B0C9A491}.Debug|x86.Build.0 = Debug|Any CPU
		{30A55818-FF4D-4B72-BB64-4B91B0C9A491}.Release|Any CPU.ActiveCfg = Release|Any CPU
		{30A55818-FF4D-4B72-BB64-4B91B0C9A491}.Release|Any CPU.Build.0 = Release|Any CPU
		{30A55818-FF4D-4B72-BB64-4B91B0C9A491}.Release|ARM.ActiveCfg = Release|Any CPU
		{30A55818-FF4D-4B72-BB64-4B91B0C9A491}.Release|ARM.Build.0 = Release|Any CPU
		{30A55818-FF4D-4B72-BB64-4B91B0C9A491}.Release|ARM64.ActiveCfg = Release|Any CPU
		{30A55818-FF4D-4B72-BB64-4B91B0C9A491}.Release|ARM64.Build.0 = Release|Any CPU
		{30A55818-FF4D-4B72-BB64-4B91B0C9A491}.Release|x64.ActiveCfg = Release|Any CPU
		{30A55818-FF4D-4B72-BB64-4B91B0C9A491}.Release|x64.Build.0 = Release|Any CPU
		{30A55818-FF4D-4B72-BB64-4B91B0C9A491}.Release|x86.ActiveCfg = Release|Any CPU
		{30A55818-FF4D-4B72-BB64-4B91B0C9A491}.Release|x86.Build.0 = Release|Any CPU
		{00C5ACF2-569F-4BFF-8F24-8FB9722BFEC6}.Debug|Any CPU.ActiveCfg = Debug|Any CPU
		{00C5ACF2-569F-4BFF-8F24-8FB9722BFEC6}.Debug|Any CPU.Build.0 = Debug|Any CPU
		{00C5ACF2-569F-4BFF-8F24-8FB9722BFEC6}.Debug|ARM.ActiveCfg = Debug|Any CPU
		{00C5ACF2-569F-4BFF-8F24-8FB9722BFEC6}.Debug|ARM.Build.0 = Debug|Any CPU
		{00C5ACF2-569F-4BFF-8F24-8FB9722BFEC6}.Debug|ARM64.ActiveCfg = Debug|Any CPU
		{00C5ACF2-569F-4BFF-8F24-8FB9722BFEC6}.Debug|ARM64.Build.0 = Debug|Any CPU
		{00C5ACF2-569F-4BFF-8F24-8FB9722BFEC6}.Debug|x64.ActiveCfg = Debug|Any CPU
		{00C5ACF2-569F-4BFF-8F24-8FB9722BFEC6}.Debug|x64.Build.0 = Debug|Any CPU
		{00C5ACF2-569F-4BFF-8F24-8FB9722BFEC6}.Debug|x86.ActiveCfg = Debug|Any CPU
		{00C5ACF2-569F-4BFF-8F24-8FB9722BFEC6}.Debug|x86.Build.0 = Debug|Any CPU
		{00C5ACF2-569F-4BFF-8F24-8FB9722BFEC6}.Release|Any CPU.ActiveCfg = Release|Any CPU
		{00C5ACF2-569F-4BFF-8F24-8FB9722BFEC6}.Release|Any CPU.Build.0 = Release|Any CPU
		{00C5ACF2-569F-4BFF-8F24-8FB9722BFEC6}.Release|ARM.ActiveCfg = Release|Any CPU
		{00C5ACF2-569F-4BFF-8F24-8FB9722BFEC6}.Release|ARM.Build.0 = Release|Any CPU
		{00C5ACF2-569F-4BFF-8F24-8FB9722BFEC6}.Release|ARM64.ActiveCfg = Release|Any CPU
		{00C5ACF2-569F-4BFF-8F24-8FB9722BFEC6}.Release|ARM64.Build.0 = Release|Any CPU
		{00C5ACF2-569F-4BFF-8F24-8FB9722BFEC6}.Release|x64.ActiveCfg = Release|Any CPU
		{00C5ACF2-569F-4BFF-8F24-8FB9722BFEC6}.Release|x64.Build.0 = Release|Any CPU
		{00C5ACF2-569F-4BFF-8F24-8FB9722BFEC6}.Release|x86.ActiveCfg = Release|Any CPU
		{00C5ACF2-569F-4BFF-8F24-8FB9722BFEC6}.Release|x86.Build.0 = Release|Any CPU
		{0DC456DD-3E58-4046-88B5-075902876824}.Debug|Any CPU.ActiveCfg = Debug|x86
		{0DC456DD-3E58-4046-88B5-075902876824}.Debug|ARM.ActiveCfg = Debug|ARM
		{0DC456DD-3E58-4046-88B5-075902876824}.Debug|ARM.Build.0 = Debug|ARM
		{0DC456DD-3E58-4046-88B5-075902876824}.Debug|ARM.Deploy.0 = Debug|ARM
		{0DC456DD-3E58-4046-88B5-075902876824}.Debug|ARM64.ActiveCfg = Debug|ARM64
		{0DC456DD-3E58-4046-88B5-075902876824}.Debug|ARM64.Build.0 = Debug|ARM64
		{0DC456DD-3E58-4046-88B5-075902876824}.Debug|ARM64.Deploy.0 = Debug|ARM64
		{0DC456DD-3E58-4046-88B5-075902876824}.Debug|x64.ActiveCfg = Debug|x64
		{0DC456DD-3E58-4046-88B5-075902876824}.Debug|x64.Build.0 = Debug|x64
		{0DC456DD-3E58-4046-88B5-075902876824}.Debug|x64.Deploy.0 = Debug|x64
		{0DC456DD-3E58-4046-88B5-075902876824}.Debug|x86.ActiveCfg = Debug|x86
		{0DC456DD-3E58-4046-88B5-075902876824}.Debug|x86.Build.0 = Debug|x86
		{0DC456DD-3E58-4046-88B5-075902876824}.Debug|x86.Deploy.0 = Debug|x86
		{0DC456DD-3E58-4046-88B5-075902876824}.Release|Any CPU.ActiveCfg = Release|x86
		{0DC456DD-3E58-4046-88B5-075902876824}.Release|ARM.ActiveCfg = Release|ARM
		{0DC456DD-3E58-4046-88B5-075902876824}.Release|ARM.Build.0 = Release|ARM
		{0DC456DD-3E58-4046-88B5-075902876824}.Release|ARM.Deploy.0 = Release|ARM
		{0DC456DD-3E58-4046-88B5-075902876824}.Release|ARM64.ActiveCfg = Release|ARM64
		{0DC456DD-3E58-4046-88B5-075902876824}.Release|ARM64.Build.0 = Release|ARM64
		{0DC456DD-3E58-4046-88B5-075902876824}.Release|ARM64.Deploy.0 = Release|ARM64
		{0DC456DD-3E58-4046-88B5-075902876824}.Release|x64.ActiveCfg = Release|x64
		{0DC456DD-3E58-4046-88B5-075902876824}.Release|x64.Build.0 = Release|x64
		{0DC456DD-3E58-4046-88B5-075902876824}.Release|x64.Deploy.0 = Release|x64
		{0DC456DD-3E58-4046-88B5-075902876824}.Release|x86.ActiveCfg = Release|x86
		{0DC456DD-3E58-4046-88B5-075902876824}.Release|x86.Build.0 = Release|x86
		{0DC456DD-3E58-4046-88B5-075902876824}.Release|x86.Deploy.0 = Release|x86
		{8B1912D8-A126-4B13-8D1C-B3CACE821387}.Debug|Any CPU.ActiveCfg = Debug|Any CPU
		{8B1912D8-A126-4B13-8D1C-B3CACE821387}.Debug|Any CPU.Build.0 = Debug|Any CPU
		{8B1912D8-A126-4B13-8D1C-B3CACE821387}.Debug|Any CPU.Deploy.0 = Debug|Any CPU
		{8B1912D8-A126-4B13-8D1C-B3CACE821387}.Debug|ARM.ActiveCfg = Debug|Any CPU
		{8B1912D8-A126-4B13-8D1C-B3CACE821387}.Debug|ARM.Build.0 = Debug|Any CPU
		{8B1912D8-A126-4B13-8D1C-B3CACE821387}.Debug|ARM.Deploy.0 = Debug|Any CPU
		{8B1912D8-A126-4B13-8D1C-B3CACE821387}.Debug|ARM64.ActiveCfg = Debug|Any CPU
		{8B1912D8-A126-4B13-8D1C-B3CACE821387}.Debug|ARM64.Build.0 = Debug|Any CPU
		{8B1912D8-A126-4B13-8D1C-B3CACE821387}.Debug|ARM64.Deploy.0 = Debug|Any CPU
		{8B1912D8-A126-4B13-8D1C-B3CACE821387}.Debug|x64.ActiveCfg = Debug|Any CPU
		{8B1912D8-A126-4B13-8D1C-B3CACE821387}.Debug|x64.Build.0 = Debug|Any CPU
		{8B1912D8-A126-4B13-8D1C-B3CACE821387}.Debug|x64.Deploy.0 = Debug|Any CPU
		{8B1912D8-A126-4B13-8D1C-B3CACE821387}.Debug|x86.ActiveCfg = Debug|Any CPU
		{8B1912D8-A126-4B13-8D1C-B3CACE821387}.Debug|x86.Build.0 = Debug|Any CPU
		{8B1912D8-A126-4B13-8D1C-B3CACE821387}.Debug|x86.Deploy.0 = Debug|Any CPU
		{8B1912D8-A126-4B13-8D1C-B3CACE821387}.Release|Any CPU.ActiveCfg = Release|Any CPU
		{8B1912D8-A126-4B13-8D1C-B3CACE821387}.Release|Any CPU.Build.0 = Release|Any CPU
		{8B1912D8-A126-4B13-8D1C-B3CACE821387}.Release|Any CPU.Deploy.0 = Release|Any CPU
		{8B1912D8-A126-4B13-8D1C-B3CACE821387}.Release|ARM.ActiveCfg = Release|Any CPU
		{8B1912D8-A126-4B13-8D1C-B3CACE821387}.Release|ARM.Build.0 = Release|Any CPU
		{8B1912D8-A126-4B13-8D1C-B3CACE821387}.Release|ARM.Deploy.0 = Release|Any CPU
		{8B1912D8-A126-4B13-8D1C-B3CACE821387}.Release|ARM64.ActiveCfg = Release|Any CPU
		{8B1912D8-A126-4B13-8D1C-B3CACE821387}.Release|ARM64.Build.0 = Release|Any CPU
		{8B1912D8-A126-4B13-8D1C-B3CACE821387}.Release|ARM64.Deploy.0 = Release|Any CPU
		{8B1912D8-A126-4B13-8D1C-B3CACE821387}.Release|x64.ActiveCfg = Release|Any CPU
		{8B1912D8-A126-4B13-8D1C-B3CACE821387}.Release|x64.Build.0 = Release|Any CPU
		{8B1912D8-A126-4B13-8D1C-B3CACE821387}.Release|x64.Deploy.0 = Release|Any CPU
		{8B1912D8-A126-4B13-8D1C-B3CACE821387}.Release|x86.ActiveCfg = Release|Any CPU
		{8B1912D8-A126-4B13-8D1C-B3CACE821387}.Release|x86.Build.0 = Release|Any CPU
		{8B1912D8-A126-4B13-8D1C-B3CACE821387}.Release|x86.Deploy.0 = Release|Any CPU
		{B424526C-8AF3-4DDA-9B24-9CB2DCE73CE1}.Debug|Any CPU.ActiveCfg = Debug|Any CPU
		{B424526C-8AF3-4DDA-9B24-9CB2DCE73CE1}.Debug|Any CPU.Build.0 = Debug|Any CPU
		{B424526C-8AF3-4DDA-9B24-9CB2DCE73CE1}.Debug|ARM.ActiveCfg = Debug|Any CPU
		{B424526C-8AF3-4DDA-9B24-9CB2DCE73CE1}.Debug|ARM.Build.0 = Debug|Any CPU
		{B424526C-8AF3-4DDA-9B24-9CB2DCE73CE1}.Debug|ARM64.ActiveCfg = Debug|Any CPU
		{B424526C-8AF3-4DDA-9B24-9CB2DCE73CE1}.Debug|ARM64.Build.0 = Debug|Any CPU
		{B424526C-8AF3-4DDA-9B24-9CB2DCE73CE1}.Debug|x64.ActiveCfg = Debug|Any CPU
		{B424526C-8AF3-4DDA-9B24-9CB2DCE73CE1}.Debug|x64.Build.0 = Debug|Any CPU
		{B424526C-8AF3-4DDA-9B24-9CB2DCE73CE1}.Debug|x86.ActiveCfg = Debug|Any CPU
		{B424526C-8AF3-4DDA-9B24-9CB2DCE73CE1}.Debug|x86.Build.0 = Debug|Any CPU
		{B424526C-8AF3-4DDA-9B24-9CB2DCE73CE1}.Release|Any CPU.ActiveCfg = Release|Any CPU
		{B424526C-8AF3-4DDA-9B24-9CB2DCE73CE1}.Release|Any CPU.Build.0 = Release|Any CPU
		{B424526C-8AF3-4DDA-9B24-9CB2DCE73CE1}.Release|ARM.ActiveCfg = Release|Any CPU
		{B424526C-8AF3-4DDA-9B24-9CB2DCE73CE1}.Release|ARM.Build.0 = Release|Any CPU
		{B424526C-8AF3-4DDA-9B24-9CB2DCE73CE1}.Release|ARM64.ActiveCfg = Release|Any CPU
		{B424526C-8AF3-4DDA-9B24-9CB2DCE73CE1}.Release|ARM64.Build.0 = Release|Any CPU
		{B424526C-8AF3-4DDA-9B24-9CB2DCE73CE1}.Release|x64.ActiveCfg = Release|Any CPU
		{B424526C-8AF3-4DDA-9B24-9CB2DCE73CE1}.Release|x64.Build.0 = Release|Any CPU
		{B424526C-8AF3-4DDA-9B24-9CB2DCE73CE1}.Release|x86.ActiveCfg = Release|Any CPU
		{B424526C-8AF3-4DDA-9B24-9CB2DCE73CE1}.Release|x86.Build.0 = Release|Any CPU
		{83C39425-C5B8-4BC9-8729-360C4E5E94BB}.Debug|Any CPU.ActiveCfg = Debug|Any CPU
		{83C39425-C5B8-4BC9-8729-360C4E5E94BB}.Debug|Any CPU.Build.0 = Debug|Any CPU
		{83C39425-C5B8-4BC9-8729-360C4E5E94BB}.Debug|ARM.ActiveCfg = Debug|Any CPU
		{83C39425-C5B8-4BC9-8729-360C4E5E94BB}.Debug|ARM.Build.0 = Debug|Any CPU
		{83C39425-C5B8-4BC9-8729-360C4E5E94BB}.Debug|ARM64.ActiveCfg = Debug|Any CPU
		{83C39425-C5B8-4BC9-8729-360C4E5E94BB}.Debug|ARM64.Build.0 = Debug|Any CPU
		{83C39425-C5B8-4BC9-8729-360C4E5E94BB}.Debug|x64.ActiveCfg = Debug|Any CPU
		{83C39425-C5B8-4BC9-8729-360C4E5E94BB}.Debug|x64.Build.0 = Debug|Any CPU
		{83C39425-C5B8-4BC9-8729-360C4E5E94BB}.Debug|x86.ActiveCfg = Debug|Any CPU
		{83C39425-C5B8-4BC9-8729-360C4E5E94BB}.Debug|x86.Build.0 = Debug|Any CPU
		{83C39425-C5B8-4BC9-8729-360C4E5E94BB}.Release|Any CPU.ActiveCfg = Release|Any CPU
		{83C39425-C5B8-4BC9-8729-360C4E5E94BB}.Release|Any CPU.Build.0 = Release|Any CPU
		{83C39425-C5B8-4BC9-8729-360C4E5E94BB}.Release|ARM.ActiveCfg = Release|Any CPU
		{83C39425-C5B8-4BC9-8729-360C4E5E94BB}.Release|ARM.Build.0 = Release|Any CPU
		{83C39425-C5B8-4BC9-8729-360C4E5E94BB}.Release|ARM64.ActiveCfg = Release|Any CPU
		{83C39425-C5B8-4BC9-8729-360C4E5E94BB}.Release|ARM64.Build.0 = Release|Any CPU
		{83C39425-C5B8-4BC9-8729-360C4E5E94BB}.Release|x64.ActiveCfg = Release|Any CPU
		{83C39425-C5B8-4BC9-8729-360C4E5E94BB}.Release|x64.Build.0 = Release|Any CPU
		{83C39425-C5B8-4BC9-8729-360C4E5E94BB}.Release|x86.ActiveCfg = Release|Any CPU
		{83C39425-C5B8-4BC9-8729-360C4E5E94BB}.Release|x86.Build.0 = Release|Any CPU
		{26579B94-4127-4724-A5D8-84723809F62E}.Debug|Any CPU.ActiveCfg = Debug|Any CPU
		{26579B94-4127-4724-A5D8-84723809F62E}.Debug|Any CPU.Build.0 = Debug|Any CPU
		{26579B94-4127-4724-A5D8-84723809F62E}.Debug|ARM.ActiveCfg = Debug|Any CPU
		{26579B94-4127-4724-A5D8-84723809F62E}.Debug|ARM.Build.0 = Debug|Any CPU
		{26579B94-4127-4724-A5D8-84723809F62E}.Debug|ARM64.ActiveCfg = Debug|Any CPU
		{26579B94-4127-4724-A5D8-84723809F62E}.Debug|ARM64.Build.0 = Debug|Any CPU
		{26579B94-4127-4724-A5D8-84723809F62E}.Debug|x64.ActiveCfg = Debug|Any CPU
		{26579B94-4127-4724-A5D8-84723809F62E}.Debug|x64.Build.0 = Debug|Any CPU
		{26579B94-4127-4724-A5D8-84723809F62E}.Debug|x86.ActiveCfg = Debug|Any CPU
		{26579B94-4127-4724-A5D8-84723809F62E}.Debug|x86.Build.0 = Debug|Any CPU
		{26579B94-4127-4724-A5D8-84723809F62E}.Release|Any CPU.ActiveCfg = Release|Any CPU
		{26579B94-4127-4724-A5D8-84723809F62E}.Release|Any CPU.Build.0 = Release|Any CPU
		{26579B94-4127-4724-A5D8-84723809F62E}.Release|ARM.ActiveCfg = Release|Any CPU
		{26579B94-4127-4724-A5D8-84723809F62E}.Release|ARM.Build.0 = Release|Any CPU
		{26579B94-4127-4724-A5D8-84723809F62E}.Release|ARM64.ActiveCfg = Release|Any CPU
		{26579B94-4127-4724-A5D8-84723809F62E}.Release|ARM64.Build.0 = Release|Any CPU
		{26579B94-4127-4724-A5D8-84723809F62E}.Release|x64.ActiveCfg = Release|Any CPU
		{26579B94-4127-4724-A5D8-84723809F62E}.Release|x64.Build.0 = Release|Any CPU
		{26579B94-4127-4724-A5D8-84723809F62E}.Release|x86.ActiveCfg = Release|Any CPU
		{26579B94-4127-4724-A5D8-84723809F62E}.Release|x86.Build.0 = Release|Any CPU
	EndGlobalSection
	GlobalSection(SolutionProperties) = preSolution
		HideSolutionNode = FALSE
	EndGlobalSection
	GlobalSection(NestedProjects) = preSolution
		{83C39425-C5B8-4BC9-8729-360C4E5E94BB} = {FA7C4C3F-D7AA-435B-A8FC-F99497AE5D91}
	EndGlobalSection
	GlobalSection(ExtensibilityGlobals) = postSolution
		SolutionGuid = {35ADDACE-DEBD-48A6-B568-1133D10EA5F5}
	EndGlobalSection
EndGlobal
