
Microsoft Visual Studio Solution File, Format Version 12.00
# Visual Studio Version 16
VisualStudioVersion = 16.0.30204.135
MinimumVisualStudioVersion = 10.0.40219.1
Project("{2150E333-8FDC-42A3-9474-1A3956D46DE8}") = "Api", "Api", "{535D483F-7F9A-48BE-B700-52FAC05F0EC9}"
EndProject
Project("{2150E333-8FDC-42A3-9474-1A3956D46DE8}") = "Clients", "Clients", "{CB020155-2ED3-47A4-9280-16802F94DF68}"
EndProject
Project("{9A19103F-16F7-4668-BE54-9A1E7A4F7556}") = "NotatnikMechanika.Server", "Api\Server\NotatnikMechanika.Server.csproj", "{07FC588A-8061-4647-A386-1715BE233F48}"
EndProject
Project("{9A19103F-16F7-4668-BE54-9A1E7A4F7556}") = "NotatnikMechanika.Shared", "Api\Shared\NotatnikMechanika.Shared.csproj", "{DD36DDD5-3817-47C2-A2C3-58480E10B0CB}"
EndProject
Project("{9A19103F-16F7-4668-BE54-9A1E7A4F7556}") = "NotatnikMechanika.Client", "Clients\Client\NotatnikMechanika.Client.csproj", "{75FFAB4D-06DE-405F-84C9-93C03B0010E6}"
EndProject
Project("{2150E333-8FDC-42A3-9474-1A3956D46DE8}") = "MvvmPackage", "MvvmPackage", "{9F4C474A-9C81-48AF-BCA4-A35B8AABF54D}"
EndProject
Project("{9A19103F-16F7-4668-BE54-9A1E7A4F7556}") = "MvvmPackage.Core", "MvvmPackage\Core\MvvmPackage.Core.csproj", "{B496286A-76A5-42BC-9607-438BA513B752}"
EndProject
Project("{9A19103F-16F7-4668-BE54-9A1E7A4F7556}") = "MvvmPackage.Blazor", "MvvmPackage\Blazor\MvvmPackage.Blazor.csproj", "{ED372112-EBD0-4A42-A0C4-238A6C217CBC}"
EndProject
Project("{9A19103F-16F7-4668-BE54-9A1E7A4F7556}") = "MvvmPackage.Wpf", "MvvmPackage\Wpf\MvvmPackage.Wpf.csproj", "{855D8317-1020-410B-8CC7-6B38E9722847}"
EndProject
Project("{9A19103F-16F7-4668-BE54-9A1E7A4F7556}") = "MvvmPackage.Xamarin", "MvvmPackage\Xamarin\MvvmPackage.Xamarin.csproj", "{E0F158DA-4777-4742-A123-F469CDB3427C}"
EndProject
Project("{9A19103F-16F7-4668-BE54-9A1E7A4F7556}") = "NotatnikMechanika.Core", "Clients\Core\NotatnikMechanika.Core.csproj", "{C2E3DD12-8B52-4151-A4B7-F96EFDF10372}"
EndProject
Project("{9A19103F-16F7-4668-BE54-9A1E7A4F7556}") = "NotatnikMechanika.Forms", "Clients\Forms\NotatnikMechanika.Forms.csproj", "{5FFED678-5E44-4BFB-9B4B-4DA84E156864}"
EndProject
Project("{FAE04EC0-301F-11D3-BF4B-00C04F79EFBC}") = "NotatnikMechanika.Forms.Android", "Clients\Forms.Android\NotatnikMechanika.Forms.Android.csproj", "{8B1912D8-A126-4B13-8D1C-B3CACE821387}"
EndProject
Project("{FAE04EC0-301F-11D3-BF4B-00C04F79EFBC}") = "NotatnikMechanika.Forms.iOS", "Clients\Forms.iOS\NotatnikMechanika.Forms.iOS.csproj", "{9B661DB8-4B79-4FAC-8C34-20A911166672}"
EndProject
Project("{9A19103F-16F7-4668-BE54-9A1E7A4F7556}") = "NotatnikMechanika.WPF", "Clients\WPF\NotatnikMechanika.WPF.csproj", "{49EF1200-C734-4B59-A042-A4EFAF95D55F}"
EndProject
Project("{9A19103F-16F7-4668-BE54-9A1E7A4F7556}") = "NotatnikMechanika.Service", "Api\Service\NotatnikMechanika.Service.csproj", "{6992ACEE-7A62-47B8-8E6E-FC908D118B9F}"
EndProject
Project("{9A19103F-16F7-4668-BE54-9A1E7A4F7556}") = "NotatnikMechanika.Repository", "Api\Repository\NotatnikMechanika.Repository.csproj", "{F7A3A1B3-EBD3-4E00-B166-829938ECC60F}"
EndProject
Project("{9A19103F-16F7-4668-BE54-9A1E7A4F7556}") = "NotatnikMechanika.Data", "Api\Data\NotatnikMechanika.Data.csproj", "{2FA117B8-9E29-4464-911B-9EF966CD81D4}"
EndProject
Project("{2150E333-8FDC-42A3-9474-1A3956D46DE8}") = "Tests", "Tests", "{78BFE887-2F9A-459C-9001-9CA9F41AD3A1}"
EndProject
Project("{9A19103F-16F7-4668-BE54-9A1E7A4F7556}") = "NotatnikMechanika.Core.Tests", "NotatnikMechanika.Core.Tests\NotatnikMechanika.Core.Tests.csproj", "{B69F5F0E-6EAB-48DF-BD58-D1F9457C1F2E}"
EndProject
Project("{2150E333-8FDC-42A3-9474-1A3956D46DE8}") = "Solution Items", "Solution Items", "{78751F94-BBF8-48F0-9658-1A436727B2B1}"
	ProjectSection(SolutionItems) = preProject
		.editorconfig = .editorconfig
		Settings.XamlStyler = Settings.XamlStyler
	EndProjectSection
EndProject
Global
	GlobalSection(SolutionConfigurationPlatforms) = preSolution
		Debug|Any CPU = Debug|Any CPU
		Debug|ARM = Debug|ARM
		Debug|iPhone = Debug|iPhone
		Debug|iPhoneSimulator = Debug|iPhoneSimulator
		Debug|x64 = Debug|x64
		Debug|x86 = Debug|x86
		Release|Any CPU = Release|Any CPU
		Release|ARM = Release|ARM
		Release|iPhone = Release|iPhone
		Release|iPhoneSimulator = Release|iPhoneSimulator
		Release|x64 = Release|x64
		Release|x86 = Release|x86
	EndGlobalSection
	GlobalSection(ProjectConfigurationPlatforms) = postSolution
		{07FC588A-8061-4647-A386-1715BE233F48}.Debug|Any CPU.ActiveCfg = Debug|Any CPU
		{07FC588A-8061-4647-A386-1715BE233F48}.Debug|Any CPU.Build.0 = Debug|Any CPU
		{07FC588A-8061-4647-A386-1715BE233F48}.Debug|ARM.ActiveCfg = Debug|Any CPU
		{07FC588A-8061-4647-A386-1715BE233F48}.Debug|ARM.Build.0 = Debug|Any CPU
		{07FC588A-8061-4647-A386-1715BE233F48}.Debug|iPhone.ActiveCfg = Debug|Any CPU
		{07FC588A-8061-4647-A386-1715BE233F48}.Debug|iPhone.Build.0 = Debug|Any CPU
		{07FC588A-8061-4647-A386-1715BE233F48}.Debug|iPhoneSimulator.ActiveCfg = Debug|Any CPU
		{07FC588A-8061-4647-A386-1715BE233F48}.Debug|iPhoneSimulator.Build.0 = Debug|Any CPU
		{07FC588A-8061-4647-A386-1715BE233F48}.Debug|x64.ActiveCfg = Debug|Any CPU
		{07FC588A-8061-4647-A386-1715BE233F48}.Debug|x64.Build.0 = Debug|Any CPU
		{07FC588A-8061-4647-A386-1715BE233F48}.Debug|x86.ActiveCfg = Debug|Any CPU
		{07FC588A-8061-4647-A386-1715BE233F48}.Debug|x86.Build.0 = Debug|Any CPU
		{07FC588A-8061-4647-A386-1715BE233F48}.Release|Any CPU.ActiveCfg = Release|Any CPU
		{07FC588A-8061-4647-A386-1715BE233F48}.Release|Any CPU.Build.0 = Release|Any CPU
		{07FC588A-8061-4647-A386-1715BE233F48}.Release|ARM.ActiveCfg = Release|Any CPU
		{07FC588A-8061-4647-A386-1715BE233F48}.Release|ARM.Build.0 = Release|Any CPU
		{07FC588A-8061-4647-A386-1715BE233F48}.Release|iPhone.ActiveCfg = Release|Any CPU
		{07FC588A-8061-4647-A386-1715BE233F48}.Release|iPhone.Build.0 = Release|Any CPU
		{07FC588A-8061-4647-A386-1715BE233F48}.Release|iPhoneSimulator.ActiveCfg = Release|Any CPU
		{07FC588A-8061-4647-A386-1715BE233F48}.Release|iPhoneSimulator.Build.0 = Release|Any CPU
		{07FC588A-8061-4647-A386-1715BE233F48}.Release|x64.ActiveCfg = Release|Any CPU
		{07FC588A-8061-4647-A386-1715BE233F48}.Release|x64.Build.0 = Release|Any CPU
		{07FC588A-8061-4647-A386-1715BE233F48}.Release|x86.ActiveCfg = Release|Any CPU
		{07FC588A-8061-4647-A386-1715BE233F48}.Release|x86.Build.0 = Release|Any CPU
		{DD36DDD5-3817-47C2-A2C3-58480E10B0CB}.Debug|Any CPU.ActiveCfg = Debug|Any CPU
		{DD36DDD5-3817-47C2-A2C3-58480E10B0CB}.Debug|Any CPU.Build.0 = Debug|Any CPU
		{DD36DDD5-3817-47C2-A2C3-58480E10B0CB}.Debug|ARM.ActiveCfg = Debug|Any CPU
		{DD36DDD5-3817-47C2-A2C3-58480E10B0CB}.Debug|ARM.Build.0 = Debug|Any CPU
		{DD36DDD5-3817-47C2-A2C3-58480E10B0CB}.Debug|iPhone.ActiveCfg = Debug|Any CPU
		{DD36DDD5-3817-47C2-A2C3-58480E10B0CB}.Debug|iPhone.Build.0 = Debug|Any CPU
		{DD36DDD5-3817-47C2-A2C3-58480E10B0CB}.Debug|iPhoneSimulator.ActiveCfg = Debug|Any CPU
		{DD36DDD5-3817-47C2-A2C3-58480E10B0CB}.Debug|iPhoneSimulator.Build.0 = Debug|Any CPU
		{DD36DDD5-3817-47C2-A2C3-58480E10B0CB}.Debug|x64.ActiveCfg = Debug|Any CPU
		{DD36DDD5-3817-47C2-A2C3-58480E10B0CB}.Debug|x64.Build.0 = Debug|Any CPU
		{DD36DDD5-3817-47C2-A2C3-58480E10B0CB}.Debug|x86.ActiveCfg = Debug|Any CPU
		{DD36DDD5-3817-47C2-A2C3-58480E10B0CB}.Debug|x86.Build.0 = Debug|Any CPU
		{DD36DDD5-3817-47C2-A2C3-58480E10B0CB}.Release|Any CPU.ActiveCfg = Release|Any CPU
		{DD36DDD5-3817-47C2-A2C3-58480E10B0CB}.Release|Any CPU.Build.0 = Release|Any CPU
		{DD36DDD5-3817-47C2-A2C3-58480E10B0CB}.Release|ARM.ActiveCfg = Release|Any CPU
		{DD36DDD5-3817-47C2-A2C3-58480E10B0CB}.Release|ARM.Build.0 = Release|Any CPU
		{DD36DDD5-3817-47C2-A2C3-58480E10B0CB}.Release|iPhone.ActiveCfg = Release|Any CPU
		{DD36DDD5-3817-47C2-A2C3-58480E10B0CB}.Release|iPhone.Build.0 = Release|Any CPU
		{DD36DDD5-3817-47C2-A2C3-58480E10B0CB}.Release|iPhoneSimulator.ActiveCfg = Release|Any CPU
		{DD36DDD5-3817-47C2-A2C3-58480E10B0CB}.Release|iPhoneSimulator.Build.0 = Release|Any CPU
		{DD36DDD5-3817-47C2-A2C3-58480E10B0CB}.Release|x64.ActiveCfg = Release|Any CPU
		{DD36DDD5-3817-47C2-A2C3-58480E10B0CB}.Release|x64.Build.0 = Release|Any CPU
		{DD36DDD5-3817-47C2-A2C3-58480E10B0CB}.Release|x86.ActiveCfg = Release|Any CPU
		{DD36DDD5-3817-47C2-A2C3-58480E10B0CB}.Release|x86.Build.0 = Release|Any CPU
		{75FFAB4D-06DE-405F-84C9-93C03B0010E6}.Debug|Any CPU.ActiveCfg = Debug|Any CPU
		{75FFAB4D-06DE-405F-84C9-93C03B0010E6}.Debug|Any CPU.Build.0 = Debug|Any CPU
		{75FFAB4D-06DE-405F-84C9-93C03B0010E6}.Debug|ARM.ActiveCfg = Debug|Any CPU
		{75FFAB4D-06DE-405F-84C9-93C03B0010E6}.Debug|ARM.Build.0 = Debug|Any CPU
		{75FFAB4D-06DE-405F-84C9-93C03B0010E6}.Debug|iPhone.ActiveCfg = Debug|Any CPU
		{75FFAB4D-06DE-405F-84C9-93C03B0010E6}.Debug|iPhone.Build.0 = Debug|Any CPU
		{75FFAB4D-06DE-405F-84C9-93C03B0010E6}.Debug|iPhoneSimulator.ActiveCfg = Debug|Any CPU
		{75FFAB4D-06DE-405F-84C9-93C03B0010E6}.Debug|iPhoneSimulator.Build.0 = Debug|Any CPU
		{75FFAB4D-06DE-405F-84C9-93C03B0010E6}.Debug|x64.ActiveCfg = Debug|Any CPU
		{75FFAB4D-06DE-405F-84C9-93C03B0010E6}.Debug|x64.Build.0 = Debug|Any CPU
		{75FFAB4D-06DE-405F-84C9-93C03B0010E6}.Debug|x86.ActiveCfg = Debug|Any CPU
		{75FFAB4D-06DE-405F-84C9-93C03B0010E6}.Debug|x86.Build.0 = Debug|Any CPU
		{75FFAB4D-06DE-405F-84C9-93C03B0010E6}.Release|Any CPU.ActiveCfg = Release|Any CPU
		{75FFAB4D-06DE-405F-84C9-93C03B0010E6}.Release|Any CPU.Build.0 = Release|Any CPU
		{75FFAB4D-06DE-405F-84C9-93C03B0010E6}.Release|ARM.ActiveCfg = Release|Any CPU
		{75FFAB4D-06DE-405F-84C9-93C03B0010E6}.Release|ARM.Build.0 = Release|Any CPU
		{75FFAB4D-06DE-405F-84C9-93C03B0010E6}.Release|iPhone.ActiveCfg = Release|Any CPU
		{75FFAB4D-06DE-405F-84C9-93C03B0010E6}.Release|iPhone.Build.0 = Release|Any CPU
		{75FFAB4D-06DE-405F-84C9-93C03B0010E6}.Release|iPhoneSimulator.ActiveCfg = Release|Any CPU
		{75FFAB4D-06DE-405F-84C9-93C03B0010E6}.Release|iPhoneSimulator.Build.0 = Release|Any CPU
		{75FFAB4D-06DE-405F-84C9-93C03B0010E6}.Release|x64.ActiveCfg = Release|Any CPU
		{75FFAB4D-06DE-405F-84C9-93C03B0010E6}.Release|x64.Build.0 = Release|Any CPU
		{75FFAB4D-06DE-405F-84C9-93C03B0010E6}.Release|x86.ActiveCfg = Release|Any CPU
		{75FFAB4D-06DE-405F-84C9-93C03B0010E6}.Release|x86.Build.0 = Release|Any CPU
		{B496286A-76A5-42BC-9607-438BA513B752}.Debug|Any CPU.ActiveCfg = Debug|Any CPU
		{B496286A-76A5-42BC-9607-438BA513B752}.Debug|Any CPU.Build.0 = Debug|Any CPU
		{B496286A-76A5-42BC-9607-438BA513B752}.Debug|ARM.ActiveCfg = Debug|Any CPU
		{B496286A-76A5-42BC-9607-438BA513B752}.Debug|ARM.Build.0 = Debug|Any CPU
		{B496286A-76A5-42BC-9607-438BA513B752}.Debug|iPhone.ActiveCfg = Debug|Any CPU
		{B496286A-76A5-42BC-9607-438BA513B752}.Debug|iPhone.Build.0 = Debug|Any CPU
		{B496286A-76A5-42BC-9607-438BA513B752}.Debug|iPhoneSimulator.ActiveCfg = Debug|Any CPU
		{B496286A-76A5-42BC-9607-438BA513B752}.Debug|iPhoneSimulator.Build.0 = Debug|Any CPU
		{B496286A-76A5-42BC-9607-438BA513B752}.Debug|x64.ActiveCfg = Debug|Any CPU
		{B496286A-76A5-42BC-9607-438BA513B752}.Debug|x64.Build.0 = Debug|Any CPU
		{B496286A-76A5-42BC-9607-438BA513B752}.Debug|x86.ActiveCfg = Debug|Any CPU
		{B496286A-76A5-42BC-9607-438BA513B752}.Debug|x86.Build.0 = Debug|Any CPU
		{B496286A-76A5-42BC-9607-438BA513B752}.Release|Any CPU.ActiveCfg = Release|Any CPU
		{B496286A-76A5-42BC-9607-438BA513B752}.Release|Any CPU.Build.0 = Release|Any CPU
		{B496286A-76A5-42BC-9607-438BA513B752}.Release|ARM.ActiveCfg = Release|Any CPU
		{B496286A-76A5-42BC-9607-438BA513B752}.Release|ARM.Build.0 = Release|Any CPU
		{B496286A-76A5-42BC-9607-438BA513B752}.Release|iPhone.ActiveCfg = Release|Any CPU
		{B496286A-76A5-42BC-9607-438BA513B752}.Release|iPhone.Build.0 = Release|Any CPU
		{B496286A-76A5-42BC-9607-438BA513B752}.Release|iPhoneSimulator.ActiveCfg = Release|Any CPU
		{B496286A-76A5-42BC-9607-438BA513B752}.Release|iPhoneSimulator.Build.0 = Release|Any CPU
		{B496286A-76A5-42BC-9607-438BA513B752}.Release|x64.ActiveCfg = Release|Any CPU
		{B496286A-76A5-42BC-9607-438BA513B752}.Release|x64.Build.0 = Release|Any CPU
		{B496286A-76A5-42BC-9607-438BA513B752}.Release|x86.ActiveCfg = Release|Any CPU
		{B496286A-76A5-42BC-9607-438BA513B752}.Release|x86.Build.0 = Release|Any CPU
		{ED372112-EBD0-4A42-A0C4-238A6C217CBC}.Debug|Any CPU.ActiveCfg = Debug|Any CPU
		{ED372112-EBD0-4A42-A0C4-238A6C217CBC}.Debug|Any CPU.Build.0 = Debug|Any CPU
		{ED372112-EBD0-4A42-A0C4-238A6C217CBC}.Debug|ARM.ActiveCfg = Debug|Any CPU
		{ED372112-EBD0-4A42-A0C4-238A6C217CBC}.Debug|ARM.Build.0 = Debug|Any CPU
		{ED372112-EBD0-4A42-A0C4-238A6C217CBC}.Debug|iPhone.ActiveCfg = Debug|Any CPU
		{ED372112-EBD0-4A42-A0C4-238A6C217CBC}.Debug|iPhone.Build.0 = Debug|Any CPU
		{ED372112-EBD0-4A42-A0C4-238A6C217CBC}.Debug|iPhoneSimulator.ActiveCfg = Debug|Any CPU
		{ED372112-EBD0-4A42-A0C4-238A6C217CBC}.Debug|iPhoneSimulator.Build.0 = Debug|Any CPU
		{ED372112-EBD0-4A42-A0C4-238A6C217CBC}.Debug|x64.ActiveCfg = Debug|Any CPU
		{ED372112-EBD0-4A42-A0C4-238A6C217CBC}.Debug|x64.Build.0 = Debug|Any CPU
		{ED372112-EBD0-4A42-A0C4-238A6C217CBC}.Debug|x86.ActiveCfg = Debug|Any CPU
		{ED372112-EBD0-4A42-A0C4-238A6C217CBC}.Debug|x86.Build.0 = Debug|Any CPU
		{ED372112-EBD0-4A42-A0C4-238A6C217CBC}.Release|Any CPU.ActiveCfg = Release|Any CPU
		{ED372112-EBD0-4A42-A0C4-238A6C217CBC}.Release|Any CPU.Build.0 = Release|Any CPU
		{ED372112-EBD0-4A42-A0C4-238A6C217CBC}.Release|ARM.ActiveCfg = Release|Any CPU
		{ED372112-EBD0-4A42-A0C4-238A6C217CBC}.Release|ARM.Build.0 = Release|Any CPU
		{ED372112-EBD0-4A42-A0C4-238A6C217CBC}.Release|iPhone.ActiveCfg = Release|Any CPU
		{ED372112-EBD0-4A42-A0C4-238A6C217CBC}.Release|iPhone.Build.0 = Release|Any CPU
		{ED372112-EBD0-4A42-A0C4-238A6C217CBC}.Release|iPhoneSimulator.ActiveCfg = Release|Any CPU
		{ED372112-EBD0-4A42-A0C4-238A6C217CBC}.Release|iPhoneSimulator.Build.0 = Release|Any CPU
		{ED372112-EBD0-4A42-A0C4-238A6C217CBC}.Release|x64.ActiveCfg = Release|Any CPU
		{ED372112-EBD0-4A42-A0C4-238A6C217CBC}.Release|x64.Build.0 = Release|Any CPU
		{ED372112-EBD0-4A42-A0C4-238A6C217CBC}.Release|x86.ActiveCfg = Release|Any CPU
		{ED372112-EBD0-4A42-A0C4-238A6C217CBC}.Release|x86.Build.0 = Release|Any CPU
		{855D8317-1020-410B-8CC7-6B38E9722847}.Debug|Any CPU.ActiveCfg = Debug|Any CPU
		{855D8317-1020-410B-8CC7-6B38E9722847}.Debug|Any CPU.Build.0 = Debug|Any CPU
		{855D8317-1020-410B-8CC7-6B38E9722847}.Debug|ARM.ActiveCfg = Debug|Any CPU
		{855D8317-1020-410B-8CC7-6B38E9722847}.Debug|ARM.Build.0 = Debug|Any CPU
		{855D8317-1020-410B-8CC7-6B38E9722847}.Debug|iPhone.ActiveCfg = Debug|Any CPU
		{855D8317-1020-410B-8CC7-6B38E9722847}.Debug|iPhone.Build.0 = Debug|Any CPU
		{855D8317-1020-410B-8CC7-6B38E9722847}.Debug|iPhoneSimulator.ActiveCfg = Debug|Any CPU
		{855D8317-1020-410B-8CC7-6B38E9722847}.Debug|iPhoneSimulator.Build.0 = Debug|Any CPU
		{855D8317-1020-410B-8CC7-6B38E9722847}.Debug|x64.ActiveCfg = Debug|Any CPU
		{855D8317-1020-410B-8CC7-6B38E9722847}.Debug|x64.Build.0 = Debug|Any CPU
		{855D8317-1020-410B-8CC7-6B38E9722847}.Debug|x86.ActiveCfg = Debug|Any CPU
		{855D8317-1020-410B-8CC7-6B38E9722847}.Debug|x86.Build.0 = Debug|Any CPU
		{855D8317-1020-410B-8CC7-6B38E9722847}.Release|Any CPU.ActiveCfg = Release|Any CPU
		{855D8317-1020-410B-8CC7-6B38E9722847}.Release|Any CPU.Build.0 = Release|Any CPU
		{855D8317-1020-410B-8CC7-6B38E9722847}.Release|ARM.ActiveCfg = Release|Any CPU
		{855D8317-1020-410B-8CC7-6B38E9722847}.Release|ARM.Build.0 = Release|Any CPU
		{855D8317-1020-410B-8CC7-6B38E9722847}.Release|iPhone.ActiveCfg = Release|Any CPU
		{855D8317-1020-410B-8CC7-6B38E9722847}.Release|iPhone.Build.0 = Release|Any CPU
		{855D8317-1020-410B-8CC7-6B38E9722847}.Release|iPhoneSimulator.ActiveCfg = Release|Any CPU
		{855D8317-1020-410B-8CC7-6B38E9722847}.Release|iPhoneSimulator.Build.0 = Release|Any CPU
		{855D8317-1020-410B-8CC7-6B38E9722847}.Release|x64.ActiveCfg = Release|Any CPU
		{855D8317-1020-410B-8CC7-6B38E9722847}.Release|x64.Build.0 = Release|Any CPU
		{855D8317-1020-410B-8CC7-6B38E9722847}.Release|x86.ActiveCfg = Release|Any CPU
		{855D8317-1020-410B-8CC7-6B38E9722847}.Release|x86.Build.0 = Release|Any CPU
		{E0F158DA-4777-4742-A123-F469CDB3427C}.Debug|Any CPU.ActiveCfg = Debug|Any CPU
		{E0F158DA-4777-4742-A123-F469CDB3427C}.Debug|Any CPU.Build.0 = Debug|Any CPU
		{E0F158DA-4777-4742-A123-F469CDB3427C}.Debug|ARM.ActiveCfg = Debug|Any CPU
		{E0F158DA-4777-4742-A123-F469CDB3427C}.Debug|ARM.Build.0 = Debug|Any CPU
		{E0F158DA-4777-4742-A123-F469CDB3427C}.Debug|iPhone.ActiveCfg = Debug|Any CPU
		{E0F158DA-4777-4742-A123-F469CDB3427C}.Debug|iPhone.Build.0 = Debug|Any CPU
		{E0F158DA-4777-4742-A123-F469CDB3427C}.Debug|iPhoneSimulator.ActiveCfg = Debug|Any CPU
		{E0F158DA-4777-4742-A123-F469CDB3427C}.Debug|iPhoneSimulator.Build.0 = Debug|Any CPU
		{E0F158DA-4777-4742-A123-F469CDB3427C}.Debug|x64.ActiveCfg = Debug|Any CPU
		{E0F158DA-4777-4742-A123-F469CDB3427C}.Debug|x64.Build.0 = Debug|Any CPU
		{E0F158DA-4777-4742-A123-F469CDB3427C}.Debug|x86.ActiveCfg = Debug|Any CPU
		{E0F158DA-4777-4742-A123-F469CDB3427C}.Debug|x86.Build.0 = Debug|Any CPU
		{E0F158DA-4777-4742-A123-F469CDB3427C}.Release|Any CPU.ActiveCfg = Release|Any CPU
		{E0F158DA-4777-4742-A123-F469CDB3427C}.Release|Any CPU.Build.0 = Release|Any CPU
		{E0F158DA-4777-4742-A123-F469CDB3427C}.Release|ARM.ActiveCfg = Release|Any CPU
		{E0F158DA-4777-4742-A123-F469CDB3427C}.Release|ARM.Build.0 = Release|Any CPU
		{E0F158DA-4777-4742-A123-F469CDB3427C}.Release|iPhone.ActiveCfg = Release|Any CPU
		{E0F158DA-4777-4742-A123-F469CDB3427C}.Release|iPhone.Build.0 = Release|Any CPU
		{E0F158DA-4777-4742-A123-F469CDB3427C}.Release|iPhoneSimulator.ActiveCfg = Release|Any CPU
		{E0F158DA-4777-4742-A123-F469CDB3427C}.Release|iPhoneSimulator.Build.0 = Release|Any CPU
		{E0F158DA-4777-4742-A123-F469CDB3427C}.Release|x64.ActiveCfg = Release|Any CPU
		{E0F158DA-4777-4742-A123-F469CDB3427C}.Release|x64.Build.0 = Release|Any CPU
		{E0F158DA-4777-4742-A123-F469CDB3427C}.Release|x86.ActiveCfg = Release|Any CPU
		{E0F158DA-4777-4742-A123-F469CDB3427C}.Release|x86.Build.0 = Release|Any CPU
		{C2E3DD12-8B52-4151-A4B7-F96EFDF10372}.Debug|Any CPU.ActiveCfg = Debug|Any CPU
		{C2E3DD12-8B52-4151-A4B7-F96EFDF10372}.Debug|Any CPU.Build.0 = Debug|Any CPU
		{C2E3DD12-8B52-4151-A4B7-F96EFDF10372}.Debug|ARM.ActiveCfg = Debug|Any CPU
		{C2E3DD12-8B52-4151-A4B7-F96EFDF10372}.Debug|ARM.Build.0 = Debug|Any CPU
		{C2E3DD12-8B52-4151-A4B7-F96EFDF10372}.Debug|iPhone.ActiveCfg = Debug|Any CPU
		{C2E3DD12-8B52-4151-A4B7-F96EFDF10372}.Debug|iPhone.Build.0 = Debug|Any CPU
		{C2E3DD12-8B52-4151-A4B7-F96EFDF10372}.Debug|iPhoneSimulator.ActiveCfg = Debug|Any CPU
		{C2E3DD12-8B52-4151-A4B7-F96EFDF10372}.Debug|iPhoneSimulator.Build.0 = Debug|Any CPU
		{C2E3DD12-8B52-4151-A4B7-F96EFDF10372}.Debug|x64.ActiveCfg = Debug|Any CPU
		{C2E3DD12-8B52-4151-A4B7-F96EFDF10372}.Debug|x64.Build.0 = Debug|Any CPU
		{C2E3DD12-8B52-4151-A4B7-F96EFDF10372}.Debug|x86.ActiveCfg = Debug|Any CPU
		{C2E3DD12-8B52-4151-A4B7-F96EFDF10372}.Debug|x86.Build.0 = Debug|Any CPU
		{C2E3DD12-8B52-4151-A4B7-F96EFDF10372}.Release|Any CPU.ActiveCfg = Release|Any CPU
		{C2E3DD12-8B52-4151-A4B7-F96EFDF10372}.Release|Any CPU.Build.0 = Release|Any CPU
		{C2E3DD12-8B52-4151-A4B7-F96EFDF10372}.Release|ARM.ActiveCfg = Release|Any CPU
		{C2E3DD12-8B52-4151-A4B7-F96EFDF10372}.Release|ARM.Build.0 = Release|Any CPU
		{C2E3DD12-8B52-4151-A4B7-F96EFDF10372}.Release|iPhone.ActiveCfg = Release|Any CPU
		{C2E3DD12-8B52-4151-A4B7-F96EFDF10372}.Release|iPhone.Build.0 = Release|Any CPU
		{C2E3DD12-8B52-4151-A4B7-F96EFDF10372}.Release|iPhoneSimulator.ActiveCfg = Release|Any CPU
		{C2E3DD12-8B52-4151-A4B7-F96EFDF10372}.Release|iPhoneSimulator.Build.0 = Release|Any CPU
		{C2E3DD12-8B52-4151-A4B7-F96EFDF10372}.Release|x64.ActiveCfg = Release|Any CPU
		{C2E3DD12-8B52-4151-A4B7-F96EFDF10372}.Release|x64.Build.0 = Release|Any CPU
		{C2E3DD12-8B52-4151-A4B7-F96EFDF10372}.Release|x86.ActiveCfg = Release|Any CPU
		{C2E3DD12-8B52-4151-A4B7-F96EFDF10372}.Release|x86.Build.0 = Release|Any CPU
		{5FFED678-5E44-4BFB-9B4B-4DA84E156864}.Debug|Any CPU.ActiveCfg = Debug|Any CPU
		{5FFED678-5E44-4BFB-9B4B-4DA84E156864}.Debug|Any CPU.Build.0 = Debug|Any CPU
		{5FFED678-5E44-4BFB-9B4B-4DA84E156864}.Debug|ARM.ActiveCfg = Debug|Any CPU
		{5FFED678-5E44-4BFB-9B4B-4DA84E156864}.Debug|ARM.Build.0 = Debug|Any CPU
		{5FFED678-5E44-4BFB-9B4B-4DA84E156864}.Debug|iPhone.ActiveCfg = Debug|Any CPU
		{5FFED678-5E44-4BFB-9B4B-4DA84E156864}.Debug|iPhone.Build.0 = Debug|Any CPU
		{5FFED678-5E44-4BFB-9B4B-4DA84E156864}.Debug|iPhoneSimulator.ActiveCfg = Debug|Any CPU
		{5FFED678-5E44-4BFB-9B4B-4DA84E156864}.Debug|iPhoneSimulator.Build.0 = Debug|Any CPU
		{5FFED678-5E44-4BFB-9B4B-4DA84E156864}.Debug|x64.ActiveCfg = Debug|Any CPU
		{5FFED678-5E44-4BFB-9B4B-4DA84E156864}.Debug|x64.Build.0 = Debug|Any CPU
		{5FFED678-5E44-4BFB-9B4B-4DA84E156864}.Debug|x86.ActiveCfg = Debug|Any CPU
		{5FFED678-5E44-4BFB-9B4B-4DA84E156864}.Debug|x86.Build.0 = Debug|Any CPU
		{5FFED678-5E44-4BFB-9B4B-4DA84E156864}.Release|Any CPU.ActiveCfg = Release|Any CPU
		{5FFED678-5E44-4BFB-9B4B-4DA84E156864}.Release|Any CPU.Build.0 = Release|Any CPU
		{5FFED678-5E44-4BFB-9B4B-4DA84E156864}.Release|ARM.ActiveCfg = Release|Any CPU
		{5FFED678-5E44-4BFB-9B4B-4DA84E156864}.Release|ARM.Build.0 = Release|Any CPU
		{5FFED678-5E44-4BFB-9B4B-4DA84E156864}.Release|iPhone.ActiveCfg = Release|Any CPU
		{5FFED678-5E44-4BFB-9B4B-4DA84E156864}.Release|iPhone.Build.0 = Release|Any CPU
		{5FFED678-5E44-4BFB-9B4B-4DA84E156864}.Release|iPhoneSimulator.ActiveCfg = Release|Any CPU
		{5FFED678-5E44-4BFB-9B4B-4DA84E156864}.Release|iPhoneSimulator.Build.0 = Release|Any CPU
		{5FFED678-5E44-4BFB-9B4B-4DA84E156864}.Release|x64.ActiveCfg = Release|Any CPU
		{5FFED678-5E44-4BFB-9B4B-4DA84E156864}.Release|x64.Build.0 = Release|Any CPU
		{5FFED678-5E44-4BFB-9B4B-4DA84E156864}.Release|x86.ActiveCfg = Release|Any CPU
		{5FFED678-5E44-4BFB-9B4B-4DA84E156864}.Release|x86.Build.0 = Release|Any CPU
		{8B1912D8-A126-4B13-8D1C-B3CACE821387}.Debug|Any CPU.ActiveCfg = Debug|Any CPU
		{8B1912D8-A126-4B13-8D1C-B3CACE821387}.Debug|Any CPU.Build.0 = Debug|Any CPU
		{8B1912D8-A126-4B13-8D1C-B3CACE821387}.Debug|Any CPU.Deploy.0 = Debug|Any CPU
		{8B1912D8-A126-4B13-8D1C-B3CACE821387}.Debug|ARM.ActiveCfg = Debug|Any CPU
		{8B1912D8-A126-4B13-8D1C-B3CACE821387}.Debug|ARM.Build.0 = Debug|Any CPU
		{8B1912D8-A126-4B13-8D1C-B3CACE821387}.Debug|ARM.Deploy.0 = Debug|Any CPU
		{8B1912D8-A126-4B13-8D1C-B3CACE821387}.Debug|iPhone.ActiveCfg = Debug|Any CPU
		{8B1912D8-A126-4B13-8D1C-B3CACE821387}.Debug|iPhone.Build.0 = Debug|Any CPU
		{8B1912D8-A126-4B13-8D1C-B3CACE821387}.Debug|iPhone.Deploy.0 = Debug|Any CPU
		{8B1912D8-A126-4B13-8D1C-B3CACE821387}.Debug|iPhoneSimulator.ActiveCfg = Debug|Any CPU
		{8B1912D8-A126-4B13-8D1C-B3CACE821387}.Debug|iPhoneSimulator.Build.0 = Debug|Any CPU
		{8B1912D8-A126-4B13-8D1C-B3CACE821387}.Debug|iPhoneSimulator.Deploy.0 = Debug|Any CPU
		{8B1912D8-A126-4B13-8D1C-B3CACE821387}.Debug|x64.ActiveCfg = Debug|Any CPU
		{8B1912D8-A126-4B13-8D1C-B3CACE821387}.Debug|x64.Build.0 = Debug|Any CPU
		{8B1912D8-A126-4B13-8D1C-B3CACE821387}.Debug|x64.Deploy.0 = Debug|Any CPU
		{8B1912D8-A126-4B13-8D1C-B3CACE821387}.Debug|x86.ActiveCfg = Debug|Any CPU
		{8B1912D8-A126-4B13-8D1C-B3CACE821387}.Debug|x86.Build.0 = Debug|Any CPU
		{8B1912D8-A126-4B13-8D1C-B3CACE821387}.Debug|x86.Deploy.0 = Debug|Any CPU
		{8B1912D8-A126-4B13-8D1C-B3CACE821387}.Release|Any CPU.ActiveCfg = Release|Any CPU
		{8B1912D8-A126-4B13-8D1C-B3CACE821387}.Release|Any CPU.Build.0 = Release|Any CPU
		{8B1912D8-A126-4B13-8D1C-B3CACE821387}.Release|Any CPU.Deploy.0 = Release|Any CPU
		{8B1912D8-A126-4B13-8D1C-B3CACE821387}.Release|ARM.ActiveCfg = Release|Any CPU
		{8B1912D8-A126-4B13-8D1C-B3CACE821387}.Release|ARM.Build.0 = Release|Any CPU
		{8B1912D8-A126-4B13-8D1C-B3CACE821387}.Release|ARM.Deploy.0 = Release|Any CPU
		{8B1912D8-A126-4B13-8D1C-B3CACE821387}.Release|iPhone.ActiveCfg = Release|Any CPU
		{8B1912D8-A126-4B13-8D1C-B3CACE821387}.Release|iPhone.Build.0 = Release|Any CPU
		{8B1912D8-A126-4B13-8D1C-B3CACE821387}.Release|iPhone.Deploy.0 = Release|Any CPU
		{8B1912D8-A126-4B13-8D1C-B3CACE821387}.Release|iPhoneSimulator.ActiveCfg = Release|Any CPU
		{8B1912D8-A126-4B13-8D1C-B3CACE821387}.Release|iPhoneSimulator.Build.0 = Release|Any CPU
		{8B1912D8-A126-4B13-8D1C-B3CACE821387}.Release|iPhoneSimulator.Deploy.0 = Release|Any CPU
		{8B1912D8-A126-4B13-8D1C-B3CACE821387}.Release|x64.ActiveCfg = Release|Any CPU
		{8B1912D8-A126-4B13-8D1C-B3CACE821387}.Release|x64.Build.0 = Release|Any CPU
		{8B1912D8-A126-4B13-8D1C-B3CACE821387}.Release|x64.Deploy.0 = Release|Any CPU
		{8B1912D8-A126-4B13-8D1C-B3CACE821387}.Release|x86.ActiveCfg = Release|Any CPU
		{8B1912D8-A126-4B13-8D1C-B3CACE821387}.Release|x86.Build.0 = Release|Any CPU
		{8B1912D8-A126-4B13-8D1C-B3CACE821387}.Release|x86.Deploy.0 = Release|Any CPU
		{9B661DB8-4B79-4FAC-8C34-20A911166672}.Debug|Any CPU.ActiveCfg = Debug|iPhoneSimulator
		{9B661DB8-4B79-4FAC-8C34-20A911166672}.Debug|ARM.ActiveCfg = Debug|iPhoneSimulator
		{9B661DB8-4B79-4FAC-8C34-20A911166672}.Debug|iPhone.ActiveCfg = Debug|iPhone
		{9B661DB8-4B79-4FAC-8C34-20A911166672}.Debug|iPhone.Build.0 = Debug|iPhone
		{9B661DB8-4B79-4FAC-8C34-20A911166672}.Debug|iPhone.Deploy.0 = Debug|iPhone
		{9B661DB8-4B79-4FAC-8C34-20A911166672}.Debug|iPhoneSimulator.ActiveCfg = Debug|iPhoneSimulator
		{9B661DB8-4B79-4FAC-8C34-20A911166672}.Debug|iPhoneSimulator.Build.0 = Debug|iPhoneSimulator
		{9B661DB8-4B79-4FAC-8C34-20A911166672}.Debug|x64.ActiveCfg = Debug|iPhoneSimulator
		{9B661DB8-4B79-4FAC-8C34-20A911166672}.Debug|x86.ActiveCfg = Debug|iPhoneSimulator
		{9B661DB8-4B79-4FAC-8C34-20A911166672}.Release|Any CPU.ActiveCfg = Release|iPhoneSimulator
		{9B661DB8-4B79-4FAC-8C34-20A911166672}.Release|ARM.ActiveCfg = Release|iPhoneSimulator
		{9B661DB8-4B79-4FAC-8C34-20A911166672}.Release|iPhone.ActiveCfg = Release|iPhone
		{9B661DB8-4B79-4FAC-8C34-20A911166672}.Release|iPhone.Build.0 = Release|iPhone
		{9B661DB8-4B79-4FAC-8C34-20A911166672}.Release|iPhoneSimulator.ActiveCfg = Release|iPhoneSimulator
		{9B661DB8-4B79-4FAC-8C34-20A911166672}.Release|iPhoneSimulator.Build.0 = Release|iPhoneSimulator
		{9B661DB8-4B79-4FAC-8C34-20A911166672}.Release|x64.ActiveCfg = Release|iPhoneSimulator
		{9B661DB8-4B79-4FAC-8C34-20A911166672}.Release|x86.ActiveCfg = Release|iPhoneSimulator
		{49EF1200-C734-4B59-A042-A4EFAF95D55F}.Debug|Any CPU.ActiveCfg = Debug|Any CPU
		{49EF1200-C734-4B59-A042-A4EFAF95D55F}.Debug|Any CPU.Build.0 = Debug|Any CPU
		{49EF1200-C734-4B59-A042-A4EFAF95D55F}.Debug|ARM.ActiveCfg = Debug|Any CPU
		{49EF1200-C734-4B59-A042-A4EFAF95D55F}.Debug|ARM.Build.0 = Debug|Any CPU
		{49EF1200-C734-4B59-A042-A4EFAF95D55F}.Debug|iPhone.ActiveCfg = Debug|Any CPU
		{49EF1200-C734-4B59-A042-A4EFAF95D55F}.Debug|iPhone.Build.0 = Debug|Any CPU
		{49EF1200-C734-4B59-A042-A4EFAF95D55F}.Debug|iPhoneSimulator.ActiveCfg = Debug|Any CPU
		{49EF1200-C734-4B59-A042-A4EFAF95D55F}.Debug|iPhoneSimulator.Build.0 = Debug|Any CPU
		{49EF1200-C734-4B59-A042-A4EFAF95D55F}.Debug|x64.ActiveCfg = Debug|Any CPU
		{49EF1200-C734-4B59-A042-A4EFAF95D55F}.Debug|x64.Build.0 = Debug|Any CPU
		{49EF1200-C734-4B59-A042-A4EFAF95D55F}.Debug|x86.ActiveCfg = Debug|Any CPU
		{49EF1200-C734-4B59-A042-A4EFAF95D55F}.Debug|x86.Build.0 = Debug|Any CPU
		{49EF1200-C734-4B59-A042-A4EFAF95D55F}.Release|Any CPU.ActiveCfg = Release|Any CPU
		{49EF1200-C734-4B59-A042-A4EFAF95D55F}.Release|Any CPU.Build.0 = Release|Any CPU
		{49EF1200-C734-4B59-A042-A4EFAF95D55F}.Release|ARM.ActiveCfg = Release|Any CPU
		{49EF1200-C734-4B59-A042-A4EFAF95D55F}.Release|ARM.Build.0 = Release|Any CPU
		{49EF1200-C734-4B59-A042-A4EFAF95D55F}.Release|iPhone.ActiveCfg = Release|Any CPU
		{49EF1200-C734-4B59-A042-A4EFAF95D55F}.Release|iPhone.Build.0 = Release|Any CPU
		{49EF1200-C734-4B59-A042-A4EFAF95D55F}.Release|iPhoneSimulator.ActiveCfg = Release|Any CPU
		{49EF1200-C734-4B59-A042-A4EFAF95D55F}.Release|iPhoneSimulator.Build.0 = Release|Any CPU
		{49EF1200-C734-4B59-A042-A4EFAF95D55F}.Release|x64.ActiveCfg = Release|Any CPU
		{49EF1200-C734-4B59-A042-A4EFAF95D55F}.Release|x64.Build.0 = Release|Any CPU
		{49EF1200-C734-4B59-A042-A4EFAF95D55F}.Release|x86.ActiveCfg = Release|Any CPU
		{49EF1200-C734-4B59-A042-A4EFAF95D55F}.Release|x86.Build.0 = Release|Any CPU
		{6992ACEE-7A62-47B8-8E6E-FC908D118B9F}.Debug|Any CPU.ActiveCfg = Debug|Any CPU
		{6992ACEE-7A62-47B8-8E6E-FC908D118B9F}.Debug|Any CPU.Build.0 = Debug|Any CPU
		{6992ACEE-7A62-47B8-8E6E-FC908D118B9F}.Debug|ARM.ActiveCfg = Debug|Any CPU
		{6992ACEE-7A62-47B8-8E6E-FC908D118B9F}.Debug|ARM.Build.0 = Debug|Any CPU
		{6992ACEE-7A62-47B8-8E6E-FC908D118B9F}.Debug|iPhone.ActiveCfg = Debug|Any CPU
		{6992ACEE-7A62-47B8-8E6E-FC908D118B9F}.Debug|iPhone.Build.0 = Debug|Any CPU
		{6992ACEE-7A62-47B8-8E6E-FC908D118B9F}.Debug|iPhoneSimulator.ActiveCfg = Debug|Any CPU
		{6992ACEE-7A62-47B8-8E6E-FC908D118B9F}.Debug|iPhoneSimulator.Build.0 = Debug|Any CPU
		{6992ACEE-7A62-47B8-8E6E-FC908D118B9F}.Debug|x64.ActiveCfg = Debug|Any CPU
		{6992ACEE-7A62-47B8-8E6E-FC908D118B9F}.Debug|x64.Build.0 = Debug|Any CPU
		{6992ACEE-7A62-47B8-8E6E-FC908D118B9F}.Debug|x86.ActiveCfg = Debug|Any CPU
		{6992ACEE-7A62-47B8-8E6E-FC908D118B9F}.Debug|x86.Build.0 = Debug|Any CPU
		{6992ACEE-7A62-47B8-8E6E-FC908D118B9F}.Release|Any CPU.ActiveCfg = Release|Any CPU
		{6992ACEE-7A62-47B8-8E6E-FC908D118B9F}.Release|Any CPU.Build.0 = Release|Any CPU
		{6992ACEE-7A62-47B8-8E6E-FC908D118B9F}.Release|ARM.ActiveCfg = Release|Any CPU
		{6992ACEE-7A62-47B8-8E6E-FC908D118B9F}.Release|ARM.Build.0 = Release|Any CPU
		{6992ACEE-7A62-47B8-8E6E-FC908D118B9F}.Release|iPhone.ActiveCfg = Release|Any CPU
		{6992ACEE-7A62-47B8-8E6E-FC908D118B9F}.Release|iPhone.Build.0 = Release|Any CPU
		{6992ACEE-7A62-47B8-8E6E-FC908D118B9F}.Release|iPhoneSimulator.ActiveCfg = Release|Any CPU
		{6992ACEE-7A62-47B8-8E6E-FC908D118B9F}.Release|iPhoneSimulator.Build.0 = Release|Any CPU
		{6992ACEE-7A62-47B8-8E6E-FC908D118B9F}.Release|x64.ActiveCfg = Release|Any CPU
		{6992ACEE-7A62-47B8-8E6E-FC908D118B9F}.Release|x64.Build.0 = Release|Any CPU
		{6992ACEE-7A62-47B8-8E6E-FC908D118B9F}.Release|x86.ActiveCfg = Release|Any CPU
		{6992ACEE-7A62-47B8-8E6E-FC908D118B9F}.Release|x86.Build.0 = Release|Any CPU
		{F7A3A1B3-EBD3-4E00-B166-829938ECC60F}.Debug|Any CPU.ActiveCfg = Debug|Any CPU
		{F7A3A1B3-EBD3-4E00-B166-829938ECC60F}.Debug|Any CPU.Build.0 = Debug|Any CPU
		{F7A3A1B3-EBD3-4E00-B166-829938ECC60F}.Debug|ARM.ActiveCfg = Debug|Any CPU
		{F7A3A1B3-EBD3-4E00-B166-829938ECC60F}.Debug|ARM.Build.0 = Debug|Any CPU
		{F7A3A1B3-EBD3-4E00-B166-829938ECC60F}.Debug|iPhone.ActiveCfg = Debug|Any CPU
		{F7A3A1B3-EBD3-4E00-B166-829938ECC60F}.Debug|iPhone.Build.0 = Debug|Any CPU
		{F7A3A1B3-EBD3-4E00-B166-829938ECC60F}.Debug|iPhoneSimulator.ActiveCfg = Debug|Any CPU
		{F7A3A1B3-EBD3-4E00-B166-829938ECC60F}.Debug|iPhoneSimulator.Build.0 = Debug|Any CPU
		{F7A3A1B3-EBD3-4E00-B166-829938ECC60F}.Debug|x64.ActiveCfg = Debug|Any CPU
		{F7A3A1B3-EBD3-4E00-B166-829938ECC60F}.Debug|x64.Build.0 = Debug|Any CPU
		{F7A3A1B3-EBD3-4E00-B166-829938ECC60F}.Debug|x86.ActiveCfg = Debug|Any CPU
		{F7A3A1B3-EBD3-4E00-B166-829938ECC60F}.Debug|x86.Build.0 = Debug|Any CPU
		{F7A3A1B3-EBD3-4E00-B166-829938ECC60F}.Release|Any CPU.ActiveCfg = Release|Any CPU
		{F7A3A1B3-EBD3-4E00-B166-829938ECC60F}.Release|Any CPU.Build.0 = Release|Any CPU
		{F7A3A1B3-EBD3-4E00-B166-829938ECC60F}.Release|ARM.ActiveCfg = Release|Any CPU
		{F7A3A1B3-EBD3-4E00-B166-829938ECC60F}.Release|ARM.Build.0 = Release|Any CPU
		{F7A3A1B3-EBD3-4E00-B166-829938ECC60F}.Release|iPhone.ActiveCfg = Release|Any CPU
		{F7A3A1B3-EBD3-4E00-B166-829938ECC60F}.Release|iPhone.Build.0 = Release|Any CPU
		{F7A3A1B3-EBD3-4E00-B166-829938ECC60F}.Release|iPhoneSimulator.ActiveCfg = Release|Any CPU
		{F7A3A1B3-EBD3-4E00-B166-829938ECC60F}.Release|iPhoneSimulator.Build.0 = Release|Any CPU
		{F7A3A1B3-EBD3-4E00-B166-829938ECC60F}.Release|x64.ActiveCfg = Release|Any CPU
		{F7A3A1B3-EBD3-4E00-B166-829938ECC60F}.Release|x64.Build.0 = Release|Any CPU
		{F7A3A1B3-EBD3-4E00-B166-829938ECC60F}.Release|x86.ActiveCfg = Release|Any CPU
		{F7A3A1B3-EBD3-4E00-B166-829938ECC60F}.Release|x86.Build.0 = Release|Any CPU
		{2FA117B8-9E29-4464-911B-9EF966CD81D4}.Debug|Any CPU.ActiveCfg = Debug|Any CPU
		{2FA117B8-9E29-4464-911B-9EF966CD81D4}.Debug|Any CPU.Build.0 = Debug|Any CPU
		{2FA117B8-9E29-4464-911B-9EF966CD81D4}.Debug|ARM.ActiveCfg = Debug|Any CPU
		{2FA117B8-9E29-4464-911B-9EF966CD81D4}.Debug|ARM.Build.0 = Debug|Any CPU
		{2FA117B8-9E29-4464-911B-9EF966CD81D4}.Debug|iPhone.ActiveCfg = Debug|Any CPU
		{2FA117B8-9E29-4464-911B-9EF966CD81D4}.Debug|iPhone.Build.0 = Debug|Any CPU
		{2FA117B8-9E29-4464-911B-9EF966CD81D4}.Debug|iPhoneSimulator.ActiveCfg = Debug|Any CPU
		{2FA117B8-9E29-4464-911B-9EF966CD81D4}.Debug|iPhoneSimulator.Build.0 = Debug|Any CPU
		{2FA117B8-9E29-4464-911B-9EF966CD81D4}.Debug|x64.ActiveCfg = Debug|Any CPU
		{2FA117B8-9E29-4464-911B-9EF966CD81D4}.Debug|x64.Build.0 = Debug|Any CPU
		{2FA117B8-9E29-4464-911B-9EF966CD81D4}.Debug|x86.ActiveCfg = Debug|Any CPU
		{2FA117B8-9E29-4464-911B-9EF966CD81D4}.Debug|x86.Build.0 = Debug|Any CPU
		{2FA117B8-9E29-4464-911B-9EF966CD81D4}.Release|Any CPU.ActiveCfg = Release|Any CPU
		{2FA117B8-9E29-4464-911B-9EF966CD81D4}.Release|Any CPU.Build.0 = Release|Any CPU
		{2FA117B8-9E29-4464-911B-9EF966CD81D4}.Release|ARM.ActiveCfg = Release|Any CPU
		{2FA117B8-9E29-4464-911B-9EF966CD81D4}.Release|ARM.Build.0 = Release|Any CPU
		{2FA117B8-9E29-4464-911B-9EF966CD81D4}.Release|iPhone.ActiveCfg = Release|Any CPU
		{2FA117B8-9E29-4464-911B-9EF966CD81D4}.Release|iPhone.Build.0 = Release|Any CPU
		{2FA117B8-9E29-4464-911B-9EF966CD81D4}.Release|iPhoneSimulator.ActiveCfg = Release|Any CPU
		{2FA117B8-9E29-4464-911B-9EF966CD81D4}.Release|iPhoneSimulator.Build.0 = Release|Any CPU
		{2FA117B8-9E29-4464-911B-9EF966CD81D4}.Release|x64.ActiveCfg = Release|Any CPU
		{2FA117B8-9E29-4464-911B-9EF966CD81D4}.Release|x64.Build.0 = Release|Any CPU
		{2FA117B8-9E29-4464-911B-9EF966CD81D4}.Release|x86.ActiveCfg = Release|Any CPU
		{2FA117B8-9E29-4464-911B-9EF966CD81D4}.Release|x86.Build.0 = Release|Any CPU
		{B69F5F0E-6EAB-48DF-BD58-D1F9457C1F2E}.Debug|Any CPU.ActiveCfg = Debug|Any CPU
		{B69F5F0E-6EAB-48DF-BD58-D1F9457C1F2E}.Debug|Any CPU.Build.0 = Debug|Any CPU
		{B69F5F0E-6EAB-48DF-BD58-D1F9457C1F2E}.Debug|ARM.ActiveCfg = Debug|Any CPU
		{B69F5F0E-6EAB-48DF-BD58-D1F9457C1F2E}.Debug|ARM.Build.0 = Debug|Any CPU
		{B69F5F0E-6EAB-48DF-BD58-D1F9457C1F2E}.Debug|iPhone.ActiveCfg = Debug|Any CPU
		{B69F5F0E-6EAB-48DF-BD58-D1F9457C1F2E}.Debug|iPhone.Build.0 = Debug|Any CPU
		{B69F5F0E-6EAB-48DF-BD58-D1F9457C1F2E}.Debug|iPhoneSimulator.ActiveCfg = Debug|Any CPU
		{B69F5F0E-6EAB-48DF-BD58-D1F9457C1F2E}.Debug|iPhoneSimulator.Build.0 = Debug|Any CPU
		{B69F5F0E-6EAB-48DF-BD58-D1F9457C1F2E}.Debug|x64.ActiveCfg = Debug|Any CPU
		{B69F5F0E-6EAB-48DF-BD58-D1F9457C1F2E}.Debug|x64.Build.0 = Debug|Any CPU
		{B69F5F0E-6EAB-48DF-BD58-D1F9457C1F2E}.Debug|x86.ActiveCfg = Debug|Any CPU
		{B69F5F0E-6EAB-48DF-BD58-D1F9457C1F2E}.Debug|x86.Build.0 = Debug|Any CPU
		{B69F5F0E-6EAB-48DF-BD58-D1F9457C1F2E}.Release|Any CPU.ActiveCfg = Release|Any CPU
		{B69F5F0E-6EAB-48DF-BD58-D1F9457C1F2E}.Release|Any CPU.Build.0 = Release|Any CPU
		{B69F5F0E-6EAB-48DF-BD58-D1F9457C1F2E}.Release|ARM.ActiveCfg = Release|Any CPU
		{B69F5F0E-6EAB-48DF-BD58-D1F9457C1F2E}.Release|ARM.Build.0 = Release|Any CPU
		{B69F5F0E-6EAB-48DF-BD58-D1F9457C1F2E}.Release|iPhone.ActiveCfg = Release|Any CPU
		{B69F5F0E-6EAB-48DF-BD58-D1F9457C1F2E}.Release|iPhone.Build.0 = Release|Any CPU
		{B69F5F0E-6EAB-48DF-BD58-D1F9457C1F2E}.Release|iPhoneSimulator.ActiveCfg = Release|Any CPU
		{B69F5F0E-6EAB-48DF-BD58-D1F9457C1F2E}.Release|iPhoneSimulator.Build.0 = Release|Any CPU
		{B69F5F0E-6EAB-48DF-BD58-D1F9457C1F2E}.Release|x64.ActiveCfg = Release|Any CPU
		{B69F5F0E-6EAB-48DF-BD58-D1F9457C1F2E}.Release|x64.Build.0 = Release|Any CPU
		{B69F5F0E-6EAB-48DF-BD58-D1F9457C1F2E}.Release|x86.ActiveCfg = Release|Any CPU
		{B69F5F0E-6EAB-48DF-BD58-D1F9457C1F2E}.Release|x86.Build.0 = Release|Any CPU
	EndGlobalSection
	GlobalSection(SolutionProperties) = preSolution
		HideSolutionNode = FALSE
	EndGlobalSection
	GlobalSection(NestedProjects) = preSolution
		{07FC588A-8061-4647-A386-1715BE233F48} = {535D483F-7F9A-48BE-B700-52FAC05F0EC9}
		{DD36DDD5-3817-47C2-A2C3-58480E10B0CB} = {535D483F-7F9A-48BE-B700-52FAC05F0EC9}
		{75FFAB4D-06DE-405F-84C9-93C03B0010E6} = {CB020155-2ED3-47A4-9280-16802F94DF68}
		{B496286A-76A5-42BC-9607-438BA513B752} = {9F4C474A-9C81-48AF-BCA4-A35B8AABF54D}
		{ED372112-EBD0-4A42-A0C4-238A6C217CBC} = {9F4C474A-9C81-48AF-BCA4-A35B8AABF54D}
		{855D8317-1020-410B-8CC7-6B38E9722847} = {9F4C474A-9C81-48AF-BCA4-A35B8AABF54D}
		{E0F158DA-4777-4742-A123-F469CDB3427C} = {9F4C474A-9C81-48AF-BCA4-A35B8AABF54D}
		{C2E3DD12-8B52-4151-A4B7-F96EFDF10372} = {CB020155-2ED3-47A4-9280-16802F94DF68}
		{5FFED678-5E44-4BFB-9B4B-4DA84E156864} = {CB020155-2ED3-47A4-9280-16802F94DF68}
		{8B1912D8-A126-4B13-8D1C-B3CACE821387} = {CB020155-2ED3-47A4-9280-16802F94DF68}
		{9B661DB8-4B79-4FAC-8C34-20A911166672} = {CB020155-2ED3-47A4-9280-16802F94DF68}
		{49EF1200-C734-4B59-A042-A4EFAF95D55F} = {CB020155-2ED3-47A4-9280-16802F94DF68}
		{6992ACEE-7A62-47B8-8E6E-FC908D118B9F} = {535D483F-7F9A-48BE-B700-52FAC05F0EC9}
		{F7A3A1B3-EBD3-4E00-B166-829938ECC60F} = {535D483F-7F9A-48BE-B700-52FAC05F0EC9}
		{2FA117B8-9E29-4464-911B-9EF966CD81D4} = {535D483F-7F9A-48BE-B700-52FAC05F0EC9}
		{B69F5F0E-6EAB-48DF-BD58-D1F9457C1F2E} = {78BFE887-2F9A-459C-9001-9CA9F41AD3A1}
	EndGlobalSection
	GlobalSection(ExtensibilityGlobals) = postSolution
		SolutionGuid = {3DA0B231-74F3-47B7-961B-BE044D60B8CD}
	EndGlobalSection
EndGlobal
