
Microsoft Visual Studio Solution File, Format Version 12.00
# Visual Studio Version 16
VisualStudioVersion = 16.0.30204.135
MinimumVisualStudioVersion = 10.0.40219.1
Project("{2150E333-8FDC-42A3-9474-1A3956D46DE8}") = "Api", "Api", "{535D483F-7F9A-48BE-B700-52FAC05F0EC9}"
EndProject
Project("{2150E333-8FDC-42A3-9474-1A3956D46DE8}") = "Clients", "Clients", "{CB020155-2ED3-47A4-9280-16802F94DF68}"
EndProject
Project("{9A19103F-16F7-4668-BE54-9A1E7A4F7556}") = "NotatnikMechanika.Api", "Api\Server\NotatnikMechanika.Api.csproj", "{07FC588A-8061-4647-A386-1715BE233F48}"
EndProject
Project("{9A19103F-16F7-4668-BE54-9A1E7A4F7556}") = "NotatnikMechanika.Client", "Clients\Client\NotatnikMechanika.Client.csproj", "{75FFAB4D-06DE-405F-84C9-93C03B0010E6}"
EndProject
Project("{9A19103F-16F7-4668-BE54-9A1E7A4F7556}") = "NotatnikMechanika.Core", "Clients\Core\NotatnikMechanika.Core.csproj", "{C2E3DD12-8B52-4151-A4B7-F96EFDF10372}"
EndProject
Project("{9A19103F-16F7-4668-BE54-9A1E7A4F7556}") = "NotatnikMechanika.Forms", "Clients\Forms\NotatnikMechanika.Forms.csproj", "{5FFED678-5E44-4BFB-9B4B-4DA84E156864}"
EndProject
Project("{FAE04EC0-301F-11D3-BF4B-00C04F79EFBC}") = "NotatnikMechanika.Forms.Android", "Clients\Forms.Android\NotatnikMechanika.Forms.Android.csproj", "{8B1912D8-A126-4B13-8D1C-B3CACE821387}"
EndProject
Project("{9A19103F-16F7-4668-BE54-9A1E7A4F7556}") = "NotatnikMechanika.WPF", "Clients\WPF\NotatnikMechanika.WPF.csproj", "{49EF1200-C734-4B59-A042-A4EFAF95D55F}"
EndProject
Project("{9A19103F-16F7-4668-BE54-9A1E7A4F7556}") = "NotatnikMechanika.Api.Service", "Api\Service\NotatnikMechanika.Api.Service.csproj", "{6992ACEE-7A62-47B8-8E6E-FC908D118B9F}"
EndProject
Project("{9A19103F-16F7-4668-BE54-9A1E7A4F7556}") = "NotatnikMechanika.Api.Repository", "Api\Repository\NotatnikMechanika.Api.Repository.csproj", "{F7A3A1B3-EBD3-4E00-B166-829938ECC60F}"
EndProject
Project("{9A19103F-16F7-4668-BE54-9A1E7A4F7556}") = "NotatnikMechanika.Api.Data", "Api\Data\NotatnikMechanika.Api.Data.csproj", "{2FA117B8-9E29-4464-911B-9EF966CD81D4}"
EndProject
Project("{2150E333-8FDC-42A3-9474-1A3956D46DE8}") = "Shared", "Shared", "{4FBC65F0-49EE-4022-8A19-9E2BEF67D989}"
EndProject
Project("{9A19103F-16F7-4668-BE54-9A1E7A4F7556}") = "NotatnikMechanika.Shared", "Shared\NotatnikMechanika.Shared.csproj", "{659C9671-0D1F-4705-A481-CE835CAC6767}"
EndProject
Project("{2150E333-8FDC-42A3-9474-1A3956D46DE8}") = "DockerCompose", "DockerCompose", "{D7DD59BD-4F50-456E-88E6-45F580670CEF}"
EndProject
Project("{2150E333-8FDC-42A3-9474-1A3956D46DE8}") = "MvvmPackage", "MvvmPackage", "{9AFB6D7D-355E-4B16-BE66-BEF9D7C46331}"
EndProject
Project("{9A19103F-16F7-4668-BE54-9A1E7A4F7556}") = "MvvmPackage.Blazor", "MvvmPackage\Blazor\MvvmPackage.Blazor.csproj", "{03B833DD-CAA1-4044-9B60-A9674FB8F4A4}"
EndProject
Project("{9A19103F-16F7-4668-BE54-9A1E7A4F7556}") = "MvvmPackage.Core", "MvvmPackage\Core\MvvmPackage.Core.csproj", "{94437C8B-D462-4BE7-9B91-352EF268E601}"
EndProject
Project("{9A19103F-16F7-4668-BE54-9A1E7A4F7556}") = "MvvmPackage.Wpf", "MvvmPackage\Wpf\MvvmPackage.Wpf.csproj", "{F14ED28F-BEBE-4C96-91C4-6A873518AE41}"
EndProject
Project("{9A19103F-16F7-4668-BE54-9A1E7A4F7556}") = "MvvmPackage.Xamarin", "MvvmPackage\Xamarin\MvvmPackage.Xamarin.csproj", "{056C337C-8CB5-4D7D-9E8A-E39A186D3CF0}"
EndProject
Project("{E53339B2-1760-4266-BCC7-CA923CBCF16C}") = "docker-compose", "DockerCompose\docker-compose.dcproj", "{F68431D8-BF5B-4CB0-AC32-414CB9482FD2}"
EndProject
Global
	GlobalSection(SolutionConfigurationPlatforms) = preSolution
		Debug|Any CPU = Debug|Any CPU
		Release|Any CPU = Release|Any CPU
	EndGlobalSection
	GlobalSection(ProjectConfigurationPlatforms) = postSolution
		{07FC588A-8061-4647-A386-1715BE233F48}.Debug|Any CPU.ActiveCfg = Debug|Any CPU
		{07FC588A-8061-4647-A386-1715BE233F48}.Debug|Any CPU.Build.0 = Debug|Any CPU
		{07FC588A-8061-4647-A386-1715BE233F48}.Release|Any CPU.ActiveCfg = Release|Any CPU
		{07FC588A-8061-4647-A386-1715BE233F48}.Release|Any CPU.Build.0 = Release|Any CPU
		{75FFAB4D-06DE-405F-84C9-93C03B0010E6}.Debug|Any CPU.ActiveCfg = Debug|Any CPU
		{75FFAB4D-06DE-405F-84C9-93C03B0010E6}.Debug|Any CPU.Build.0 = Debug|Any CPU
		{75FFAB4D-06DE-405F-84C9-93C03B0010E6}.Release|Any CPU.ActiveCfg = Release|Any CPU
		{75FFAB4D-06DE-405F-84C9-93C03B0010E6}.Release|Any CPU.Build.0 = Release|Any CPU
		{C2E3DD12-8B52-4151-A4B7-F96EFDF10372}.Debug|Any CPU.ActiveCfg = Debug|Any CPU
		{C2E3DD12-8B52-4151-A4B7-F96EFDF10372}.Debug|Any CPU.Build.0 = Debug|Any CPU
		{C2E3DD12-8B52-4151-A4B7-F96EFDF10372}.Release|Any CPU.ActiveCfg = Release|Any CPU
		{C2E3DD12-8B52-4151-A4B7-F96EFDF10372}.Release|Any CPU.Build.0 = Release|Any CPU
		{5FFED678-5E44-4BFB-9B4B-4DA84E156864}.Debug|Any CPU.ActiveCfg = Debug|Any CPU
		{5FFED678-5E44-4BFB-9B4B-4DA84E156864}.Debug|Any CPU.Build.0 = Debug|Any CPU
		{5FFED678-5E44-4BFB-9B4B-4DA84E156864}.Release|Any CPU.ActiveCfg = Release|Any CPU
		{5FFED678-5E44-4BFB-9B4B-4DA84E156864}.Release|Any CPU.Build.0 = Release|Any CPU
		{8B1912D8-A126-4B13-8D1C-B3CACE821387}.Debug|Any CPU.ActiveCfg = Debug|Any CPU
		{8B1912D8-A126-4B13-8D1C-B3CACE821387}.Debug|Any CPU.Build.0 = Debug|Any CPU
		{8B1912D8-A126-4B13-8D1C-B3CACE821387}.Debug|Any CPU.Deploy.0 = Debug|Any CPU
		{8B1912D8-A126-4B13-8D1C-B3CACE821387}.Release|Any CPU.ActiveCfg = Release|Any CPU
		{8B1912D8-A126-4B13-8D1C-B3CACE821387}.Release|Any CPU.Build.0 = Release|Any CPU
		{8B1912D8-A126-4B13-8D1C-B3CACE821387}.Release|Any CPU.Deploy.0 = Release|Any CPU
		{49EF1200-C734-4B59-A042-A4EFAF95D55F}.Debug|Any CPU.ActiveCfg = Debug|Any CPU
		{49EF1200-C734-4B59-A042-A4EFAF95D55F}.Debug|Any CPU.Build.0 = Debug|Any CPU
		{49EF1200-C734-4B59-A042-A4EFAF95D55F}.Release|Any CPU.ActiveCfg = Release|Any CPU
		{49EF1200-C734-4B59-A042-A4EFAF95D55F}.Release|Any CPU.Build.0 = Release|Any CPU
		{6992ACEE-7A62-47B8-8E6E-FC908D118B9F}.Debug|Any CPU.ActiveCfg = Debug|Any CPU
		{6992ACEE-7A62-47B8-8E6E-FC908D118B9F}.Debug|Any CPU.Build.0 = Debug|Any CPU
		{6992ACEE-7A62-47B8-8E6E-FC908D118B9F}.Release|Any CPU.ActiveCfg = Release|Any CPU
		{6992ACEE-7A62-47B8-8E6E-FC908D118B9F}.Release|Any CPU.Build.0 = Release|Any CPU
		{F7A3A1B3-EBD3-4E00-B166-829938ECC60F}.Debug|Any CPU.ActiveCfg = Debug|Any CPU
		{F7A3A1B3-EBD3-4E00-B166-829938ECC60F}.Debug|Any CPU.Build.0 = Debug|Any CPU
		{F7A3A1B3-EBD3-4E00-B166-829938ECC60F}.Release|Any CPU.ActiveCfg = Release|Any CPU
		{F7A3A1B3-EBD3-4E00-B166-829938ECC60F}.Release|Any CPU.Build.0 = Release|Any CPU
		{2FA117B8-9E29-4464-911B-9EF966CD81D4}.Debug|Any CPU.ActiveCfg = Debug|Any CPU
		{2FA117B8-9E29-4464-911B-9EF966CD81D4}.Debug|Any CPU.Build.0 = Debug|Any CPU
		{2FA117B8-9E29-4464-911B-9EF966CD81D4}.Release|Any CPU.ActiveCfg = Release|Any CPU
		{2FA117B8-9E29-4464-911B-9EF966CD81D4}.Release|Any CPU.Build.0 = Release|Any CPU
		{659C9671-0D1F-4705-A481-CE835CAC6767}.Debug|Any CPU.ActiveCfg = Debug|Any CPU
		{659C9671-0D1F-4705-A481-CE835CAC6767}.Debug|Any CPU.Build.0 = Debug|Any CPU
		{659C9671-0D1F-4705-A481-CE835CAC6767}.Release|Any CPU.ActiveCfg = Release|Any CPU
		{659C9671-0D1F-4705-A481-CE835CAC6767}.Release|Any CPU.Build.0 = Release|Any CPU
		{03B833DD-CAA1-4044-9B60-A9674FB8F4A4}.Debug|Any CPU.ActiveCfg = Debug|Any CPU
		{03B833DD-CAA1-4044-9B60-A9674FB8F4A4}.Debug|Any CPU.Build.0 = Debug|Any CPU
		{03B833DD-CAA1-4044-9B60-A9674FB8F4A4}.Release|Any CPU.ActiveCfg = Release|Any CPU
		{03B833DD-CAA1-4044-9B60-A9674FB8F4A4}.Release|Any CPU.Build.0 = Release|Any CPU
		{94437C8B-D462-4BE7-9B91-352EF268E601}.Debug|Any CPU.ActiveCfg = Debug|Any CPU
		{94437C8B-D462-4BE7-9B91-352EF268E601}.Debug|Any CPU.Build.0 = Debug|Any CPU
		{94437C8B-D462-4BE7-9B91-352EF268E601}.Release|Any CPU.ActiveCfg = Release|Any CPU
		{94437C8B-D462-4BE7-9B91-352EF268E601}.Release|Any CPU.Build.0 = Release|Any CPU
		{F14ED28F-BEBE-4C96-91C4-6A873518AE41}.Debug|Any CPU.ActiveCfg = Debug|Any CPU
		{F14ED28F-BEBE-4C96-91C4-6A873518AE41}.Debug|Any CPU.Build.0 = Debug|Any CPU
		{F14ED28F-BEBE-4C96-91C4-6A873518AE41}.Release|Any CPU.ActiveCfg = Release|Any CPU
		{F14ED28F-BEBE-4C96-91C4-6A873518AE41}.Release|Any CPU.Build.0 = Release|Any CPU
		{056C337C-8CB5-4D7D-9E8A-E39A186D3CF0}.Debug|Any CPU.ActiveCfg = Debug|Any CPU
		{056C337C-8CB5-4D7D-9E8A-E39A186D3CF0}.Debug|Any CPU.Build.0 = Debug|Any CPU
		{056C337C-8CB5-4D7D-9E8A-E39A186D3CF0}.Release|Any CPU.ActiveCfg = Release|Any CPU
		{056C337C-8CB5-4D7D-9E8A-E39A186D3CF0}.Release|Any CPU.Build.0 = Release|Any CPU
		{F68431D8-BF5B-4CB0-AC32-414CB9482FD2}.Debug|Any CPU.ActiveCfg = Debug|Any CPU
		{F68431D8-BF5B-4CB0-AC32-414CB9482FD2}.Debug|Any CPU.Build.0 = Debug|Any CPU
		{F68431D8-BF5B-4CB0-AC32-414CB9482FD2}.Release|Any CPU.ActiveCfg = Release|Any CPU
		{F68431D8-BF5B-4CB0-AC32-414CB9482FD2}.Release|Any CPU.Build.0 = Release|Any CPU
	EndGlobalSection
	GlobalSection(SolutionProperties) = preSolution
		HideSolutionNode = FALSE
	EndGlobalSection
	GlobalSection(NestedProjects) = preSolution
		{07FC588A-8061-4647-A386-1715BE233F48} = {535D483F-7F9A-48BE-B700-52FAC05F0EC9}
		{75FFAB4D-06DE-405F-84C9-93C03B0010E6} = {CB020155-2ED3-47A4-9280-16802F94DF68}
		{C2E3DD12-8B52-4151-A4B7-F96EFDF10372} = {CB020155-2ED3-47A4-9280-16802F94DF68}
		{5FFED678-5E44-4BFB-9B4B-4DA84E156864} = {CB020155-2ED3-47A4-9280-16802F94DF68}
		{8B1912D8-A126-4B13-8D1C-B3CACE821387} = {CB020155-2ED3-47A4-9280-16802F94DF68}
		{49EF1200-C734-4B59-A042-A4EFAF95D55F} = {CB020155-2ED3-47A4-9280-16802F94DF68}
		{6992ACEE-7A62-47B8-8E6E-FC908D118B9F} = {535D483F-7F9A-48BE-B700-52FAC05F0EC9}
		{F7A3A1B3-EBD3-4E00-B166-829938ECC60F} = {535D483F-7F9A-48BE-B700-52FAC05F0EC9}
		{2FA117B8-9E29-4464-911B-9EF966CD81D4} = {535D483F-7F9A-48BE-B700-52FAC05F0EC9}
		{659C9671-0D1F-4705-A481-CE835CAC6767} = {4FBC65F0-49EE-4022-8A19-9E2BEF67D989}
		{03B833DD-CAA1-4044-9B60-A9674FB8F4A4} = {9AFB6D7D-355E-4B16-BE66-BEF9D7C46331}
		{94437C8B-D462-4BE7-9B91-352EF268E601} = {9AFB6D7D-355E-4B16-BE66-BEF9D7C46331}
		{F14ED28F-BEBE-4C96-91C4-6A873518AE41} = {9AFB6D7D-355E-4B16-BE66-BEF9D7C46331}
		{056C337C-8CB5-4D7D-9E8A-E39A186D3CF0} = {9AFB6D7D-355E-4B16-BE66-BEF9D7C46331}
		{F68431D8-BF5B-4CB0-AC32-414CB9482FD2} = {D7DD59BD-4F50-456E-88E6-45F580670CEF}
	EndGlobalSection
	GlobalSection(ExtensibilityGlobals) = postSolution
		SolutionGuid = {3DA0B231-74F3-47B7-961B-BE044D60B8CD}
	EndGlobalSection
EndGlobal
