
Microsoft Visual Studio Solution File, Format Version 12.00
# Visual Studio 15
VisualStudioVersion = 15.0.28307.136
MinimumVisualStudioVersion = 10.0.40219.1
Project("{FAE04EC0-301F-11D3-BF4B-00C04F79EFBC}") = "NotatnikMechanika", "NotatnikMechanika\NotatnikMechanika.csproj", "{BC9A1F02-289C-4F20-B4ED-644A56010E34}"
EndProject
Project("{C7167F0D-BC9F-4E6E-AFE1-012C56B48DB5}") = "NotatnikMechanikaUWP", "NotatnikMechanikaUWP\NotatnikMechanikaUWP.wapproj", "{6BF30D51-0676-4E9F-9161-28EAED95A66B}"
EndProject
Global
	GlobalSection(SolutionConfigurationPlatforms) = preSolution
		Debug|Any CPU = Debug|Any CPU
		Debug|x64 = Debug|x64
		Debug|x86 = Debug|x86
		Release|Any CPU = Release|Any CPU
		Release|x64 = Release|x64
		Release|x86 = Release|x86
	EndGlobalSection
	GlobalSection(ProjectConfigurationPlatforms) = postSolution
		{BC9A1F02-289C-4F20-B4ED-644A56010E34}.Debug|Any CPU.ActiveCfg = Debug|Any CPU
		{BC9A1F02-289C-4F20-B4ED-644A56010E34}.Debug|Any CPU.Build.0 = Debug|Any CPU
		{BC9A1F02-289C-4F20-B4ED-644A56010E34}.Debug|x64.ActiveCfg = Debug|Any CPU
		{BC9A1F02-289C-4F20-B4ED-644A56010E34}.Debug|x64.Build.0 = Debug|Any CPU
		{BC9A1F02-289C-4F20-B4ED-644A56010E34}.Debug|x86.ActiveCfg = Debug|Any CPU
		{BC9A1F02-289C-4F20-B4ED-644A56010E34}.Debug|x86.Build.0 = Debug|Any CPU
		{BC9A1F02-289C-4F20-B4ED-644A56010E34}.Release|Any CPU.ActiveCfg = Release|Any CPU
		{BC9A1F02-289C-4F20-B4ED-644A56010E34}.Release|Any CPU.Build.0 = Release|Any CPU
		{BC9A1F02-289C-4F20-B4ED-644A56010E34}.Release|x64.ActiveCfg = Release|Any CPU
		{BC9A1F02-289C-4F20-B4ED-644A56010E34}.Release|x64.Build.0 = Release|Any CPU
		{BC9A1F02-289C-4F20-B4ED-644A56010E34}.Release|x86.ActiveCfg = Release|Any CPU
		{BC9A1F02-289C-4F20-B4ED-644A56010E34}.Release|x86.Build.0 = Release|Any CPU
		{6BF30D51-0676-4E9F-9161-28EAED95A66B}.Debug|Any CPU.ActiveCfg = Debug|Any CPU
		{6BF30D51-0676-4E9F-9161-28EAED95A66B}.Debug|Any CPU.Build.0 = Debug|Any CPU
		{6BF30D51-0676-4E9F-9161-28EAED95A66B}.Debug|Any CPU.Deploy.0 = Debug|Any CPU
		{6BF30D51-0676-4E9F-9161-28EAED95A66B}.Debug|x64.ActiveCfg = Debug|x64
		{6BF30D51-0676-4E9F-9161-28EAED95A66B}.Debug|x64.Build.0 = Debug|x64
		{6BF30D51-0676-4E9F-9161-28EAED95A66B}.Debug|x64.Deploy.0 = Debug|x64
		{6BF30D51-0676-4E9F-9161-28EAED95A66B}.Debug|x86.ActiveCfg = Debug|x86
		{6BF30D51-0676-4E9F-9161-28EAED95A66B}.Debug|x86.Build.0 = Debug|x86
		{6BF30D51-0676-4E9F-9161-28EAED95A66B}.Debug|x86.Deploy.0 = Debug|x86
		{6BF30D51-0676-4E9F-9161-28EAED95A66B}.Release|Any CPU.ActiveCfg = Release|Any CPU
		{6BF30D51-0676-4E9F-9161-28EAED95A66B}.Release|Any CPU.Build.0 = Release|Any CPU
		{6BF30D51-0676-4E9F-9161-28EAED95A66B}.Release|Any CPU.Deploy.0 = Release|Any CPU
		{6BF30D51-0676-4E9F-9161-28EAED95A66B}.Release|x64.ActiveCfg = Release|x64
		{6BF30D51-0676-4E9F-9161-28EAED95A66B}.Release|x64.Build.0 = Release|x64
		{6BF30D51-0676-4E9F-9161-28EAED95A66B}.Release|x64.Deploy.0 = Release|x64
		{6BF30D51-0676-4E9F-9161-28EAED95A66B}.Release|x86.ActiveCfg = Release|x86
		{6BF30D51-0676-4E9F-9161-28EAED95A66B}.Release|x86.Build.0 = Release|x86
		{6BF30D51-0676-4E9F-9161-28EAED95A66B}.Release|x86.Deploy.0 = Release|x86
	EndGlobalSection
	GlobalSection(SolutionProperties) = preSolution
		HideSolutionNode = FALSE
	EndGlobalSection
	GlobalSection(ExtensibilityGlobals) = postSolution
		SolutionGuid = {9AFB8A43-8958-446A-94D7-F2C9326C7DDC}
	EndGlobalSection
EndGlobal
