
Microsoft Visual Studio Solution File, Format Version 12.00
# Visual Studio Version 16
VisualStudioVersion = 16.0.29021.104
MinimumVisualStudioVersion = 10.0.40219.1
Project("{FAE04EC0-301F-11D3-BF4B-00C04F79EFBC}") = "NotatnikMechanikaApi", "NotatnikMechanikaApi\NotatnikMechanikaApi.csproj", "{55C71EE6-B7D6-4EB4-9789-BB01F5AD84B6}"
EndProject
Global
	GlobalSection(SolutionConfigurationPlatforms) = preSolution
		Debug|Any CPU = Debug|Any CPU
		Release|Any CPU = Release|Any CPU
	EndGlobalSection
	GlobalSection(ProjectConfigurationPlatforms) = postSolution
		{55C71EE6-B7D6-4EB4-9789-BB01F5AD84B6}.Debug|Any CPU.ActiveCfg = Debug|Any CPU
		{55C71EE6-B7D6-4EB4-9789-BB01F5AD84B6}.Debug|Any CPU.Build.0 = Debug|Any CPU
		{55C71EE6-B7D6-4EB4-9789-BB01F5AD84B6}.Release|Any CPU.ActiveCfg = Release|Any CPU
		{55C71EE6-B7D6-4EB4-9789-BB01F5AD84B6}.Release|Any CPU.Build.0 = Release|Any CPU
	EndGlobalSection
	GlobalSection(SolutionProperties) = preSolution
		HideSolutionNode = FALSE
	EndGlobalSection
	GlobalSection(ExtensibilityGlobals) = postSolution
		SolutionGuid = {18D8A97A-A93A-493C-B158-CE30EECF6DE8}
	EndGlobalSection
EndGlobal
