
Microsoft Visual Studio Solution File, Format Version 12.00
# Visual Studio Version 16
VisualStudioVersion = 16.0.29021.104
MinimumVisualStudioVersion = 10.0.40219.1
Project("{9A19103F-16F7-4668-BE54-9A1E7A4F7556}") = "NotatnikMechanikaApi", "NotatnikMechanikaApi\NotatnikMechanikaApi.csproj", "{55C71EE6-B7D6-4EB4-9789-BB01F5AD84B6}"
EndProject
Project("{FAE04EC0-301F-11D3-BF4B-00C04F79EFBC}") = "NotatnikMechanikaApi.Service", "NotatnikMechanikaApi.Service\NotatnikMechanikaApi.Service.csproj", "{084F7680-10B7-42F9-A168-626D0F416799}"
EndProject
Project("{FAE04EC0-301F-11D3-BF4B-00C04F79EFBC}") = "NotatnikMechanikaApi.Repository", "NotatnikMechanikaApi.Repository\NotatnikMechanikaApi.Repository.csproj", "{73AE911B-314D-4073-85A1-84D11BCD5609}"
EndProject
Project("{FAE04EC0-301F-11D3-BF4B-00C04F79EFBC}") = "NotatnikMechanikaApi.Model", "NotatnikMechanikaApi.Model\NotatnikMechanikaApi.Model.csproj", "{F1C1262B-9988-4FA9-8F90-16C4EDBF8286}"
EndProject
Project("{FAE04EC0-301F-11D3-BF4B-00C04F79EFBC}") = "NotatnikMechanikaApi.Data", "NotatnikMechanikaApi.Data\NotatnikMechanikaApi.Data.csproj", "{702E5C30-550F-400B-B9A9-8F3C6D140F93}"
EndProject
Project("{FAE04EC0-301F-11D3-BF4B-00C04F79EFBC}") = "NotatnikMechanikaApi.Component", "NotatnikMechanikaApi.Component\NotatnikMechanikaApi.Component.csproj", "{5FEE42C3-96DE-4CDF-879D-B5CC3981585A}"
EndProject
Global
	GlobalSection(SolutionConfigurationPlatforms) = preSolution
		Debug|Any CPU = Debug|Any CPU
		Release|Any CPU = Release|Any CPU
	EndGlobalSection
	GlobalSection(ProjectConfigurationPlatforms) = postSolution
		{55C71EE6-B7D6-4EB4-9789-BB01F5AD84B6}.Debug|Any CPU.ActiveCfg = Debug|Any CPU
		{55C71EE6-B7D6-4EB4-9789-BB01F5AD84B6}.Debug|Any CPU.Build.0 = Debug|Any CPU
		{55C71EE6-B7D6-4EB4-9789-BB01F5AD84B6}.Release|Any CPU.ActiveCfg = Release|Any CPU
		{55C71EE6-B7D6-4EB4-9789-BB01F5AD84B6}.Release|Any CPU.Build.0 = Release|Any CPU
		{084F7680-10B7-42F9-A168-626D0F416799}.Debug|Any CPU.ActiveCfg = Debug|Any CPU
		{084F7680-10B7-42F9-A168-626D0F416799}.Debug|Any CPU.Build.0 = Debug|Any CPU
		{084F7680-10B7-42F9-A168-626D0F416799}.Release|Any CPU.ActiveCfg = Release|Any CPU
		{084F7680-10B7-42F9-A168-626D0F416799}.Release|Any CPU.Build.0 = Release|Any CPU
		{73AE911B-314D-4073-85A1-84D11BCD5609}.Debug|Any CPU.ActiveCfg = Debug|Any CPU
		{73AE911B-314D-4073-85A1-84D11BCD5609}.Debug|Any CPU.Build.0 = Debug|Any CPU
		{73AE911B-314D-4073-85A1-84D11BCD5609}.Release|Any CPU.ActiveCfg = Release|Any CPU
		{73AE911B-314D-4073-85A1-84D11BCD5609}.Release|Any CPU.Build.0 = Release|Any CPU
		{F1C1262B-9988-4FA9-8F90-16C4EDBF8286}.Debug|Any CPU.ActiveCfg = Debug|Any CPU
		{F1C1262B-9988-4FA9-8F90-16C4EDBF8286}.Debug|Any CPU.Build.0 = Debug|Any CPU
		{F1C1262B-9988-4FA9-8F90-16C4EDBF8286}.Release|Any CPU.ActiveCfg = Release|Any CPU
		{F1C1262B-9988-4FA9-8F90-16C4EDBF8286}.Release|Any CPU.Build.0 = Release|Any CPU
		{702E5C30-550F-400B-B9A9-8F3C6D140F93}.Debug|Any CPU.ActiveCfg = Debug|Any CPU
		{702E5C30-550F-400B-B9A9-8F3C6D140F93}.Debug|Any CPU.Build.0 = Debug|Any CPU
		{702E5C30-550F-400B-B9A9-8F3C6D140F93}.Release|Any CPU.ActiveCfg = Release|Any CPU
		{702E5C30-550F-400B-B9A9-8F3C6D140F93}.Release|Any CPU.Build.0 = Release|Any CPU
		{5FEE42C3-96DE-4CDF-879D-B5CC3981585A}.Debug|Any CPU.ActiveCfg = Debug|Any CPU
		{5FEE42C3-96DE-4CDF-879D-B5CC3981585A}.Debug|Any CPU.Build.0 = Debug|Any CPU
		{5FEE42C3-96DE-4CDF-879D-B5CC3981585A}.Release|Any CPU.ActiveCfg = Release|Any CPU
		{5FEE42C3-96DE-4CDF-879D-B5CC3981585A}.Release|Any CPU.Build.0 = Release|Any CPU
	EndGlobalSection
	GlobalSection(SolutionProperties) = preSolution
		HideSolutionNode = FALSE
	EndGlobalSection
	GlobalSection(ExtensibilityGlobals) = postSolution
		SolutionGuid = {18D8A97A-A93A-493C-B158-CE30EECF6DE8}
	EndGlobalSection
EndGlobal
